Microsoft Visual Studio Solution File, Format Version 8.00
Project("{8BC9CEB8-8B4A-11D0-8D11-00A0C91BC942}") = "CipherFactory", "..\..\..\CipherFactory\CipherFactory.vcproj", "{ADA76302-AD76-44FD-BF86-DCD25B56B2B1}"
	ProjectSection(ProjectDependencies) = postProject
	EndProjectSection
EndProject
Project("{8BC9CEB8-8B4A-11D0-8D11-00A0C91BC942}") = "ContentInfoManagerFactory", "..\..\..\DRMEncoderPlugin\ContentInfoManagerFactory\ContentInfoManagerFactory.vcproj", "{9130EDBF-EE46-4FD7-8E3B-20DA7B483620}"
	ProjectSection(ProjectDependencies) = postProject
		{C852035B-4EBF-456E-8671-12A7CF537C50} = {C852035B-4EBF-456E-8671-12A7CF537C50}
	EndProjectSection
EndProject
Project("{8BC9CEB8-8B4A-11D0-8D11-00A0C91BC942}") = "DecoderIPMPControlInfo", "..\MPEG2IPMPXDRMDecoderPlugin\DecoderIPMPControlInfo\DecoderIPMPControlInfo.vcproj", "{661D46BD-8076-441E-99D9-5F62D17F853B}"
	ProjectSection(ProjectDependencies) = postProject
	EndProjectSection
EndProject
Project("{8BC9CEB8-8B4A-11D0-8D11-00A0C91BC942}") = "DecoderIPMPData", "..\MPEG2IPMPXDRMDecoderPlugin\DecoderIPMPData\DecoderIPMPData.vcproj", "{CE8EF8D9-F3DB-4A37-ACAA-726FFA533130}"
	ProjectSection(ProjectDependencies) = postProject
	EndProjectSection
EndProject
Project("{8BC9CEB8-8B4A-11D0-8D11-00A0C91BC942}") = "IPMPControlInfo", "..\IPMPControlInfo\IPMPControlInfo.vcproj", "{40324ACA-C157-44A3-953E-4BD8C1A52A15}"
	ProjectSection(ProjectDependencies) = postProject
	EndProjectSection
EndProject
Project("{8BC9CEB8-8B4A-11D0-8D11-00A0C91BC942}") = "IPMPControlInfoParser", "..\MPEG2IPMPXDRMDecoderPlugin\IPMPControlInfoParser\IPMPControlInfoParser.vcproj", "{D8E09B0E-487D-40A5-AB6F-87EDB7BA8C10}"
	ProjectSection(ProjectDependencies) = postProject
	EndProjectSection
EndProject
Project("{8BC9CEB8-8B4A-11D0-8D11-00A0C91BC942}") = "IPMPCrypto", "..\IPMPCrypto\IPMPCrypto.vcproj", "{B3D314DE-781F-4D32-B084-253DDA268A1F}"
	ProjectSection(ProjectDependencies) = postProject
	EndProjectSection
EndProject
Project("{8BC9CEB8-8B4A-11D0-8D11-00A0C91BC942}") = "IPMPData", "..\IPMPData\IPMPData.vcproj", "{CE674E31-F117-4F2D-8BF0-A4FFBEFD06DC}"
	ProjectSection(ProjectDependencies) = postProject
	EndProjectSection
EndProject
Project("{8BC9CEB8-8B4A-11D0-8D11-00A0C91BC942}") = "IPMPDataParser", "..\MPEG2IPMPXDRMDecoderPlugin\IPMPDataParser\IPMPDataParser.vcproj", "{649F4B07-83DE-4CDB-8AFD-BFBB54EC4448}"
	ProjectSection(ProjectDependencies) = postProject
	EndProjectSection
EndProject
Project("{8BC9CEB8-8B4A-11D0-8D11-00A0C91BC942}") = "IPMPToolManager", "..\MPEG2IPMPXDRMDecoderPlugin\IPMPToolManager\IPMPToolManager.vcproj", "{837E22C0-999A-4F14-BC3C-FD57B0BEFC61}"
	ProjectSection(ProjectDependencies) = postProject
	EndProjectSection
EndProject
Project("{8BC9CEB8-8B4A-11D0-8D11-00A0C91BC942}") = "MPEG2IPMPXDRMAll", "MPEG2IPMPXDRMAll.vcproj", "{AF3EA9A7-E08A-4281-B7D5-0C4361288875}"
	ProjectSection(ProjectDependencies) = postProject
		{649F4B07-83DE-4CDB-8AFD-BFBB54EC4448} = {649F4B07-83DE-4CDB-8AFD-BFBB54EC4448}
		{D8E09B0E-487D-40A5-AB6F-87EDB7BA8C10} = {D8E09B0E-487D-40A5-AB6F-87EDB7BA8C10}
		{D8EE2B1C-B686-497C-996C-A06E2994706E} = {D8EE2B1C-B686-497C-996C-A06E2994706E}
		{65AB2531-41B5-4DC3-B7E9-75340524BB6B} = {65AB2531-41B5-4DC3-B7E9-75340524BB6B}
		{CE674E31-F117-4F2D-8BF0-A4FFBEFD06DC} = {CE674E31-F117-4F2D-8BF0-A4FFBEFD06DC}
		{41CE7CA7-2ECE-453E-8381-EE259D63FF6C} = {41CE7CA7-2ECE-453E-8381-EE259D63FF6C}
		{BD1C7FB1-2B7D-41B4-ADCB-3F3B0A76260E} = {BD1C7FB1-2B7D-41B4-ADCB-3F3B0A76260E}
		{661D46BD-8076-441E-99D9-5F62D17F853B} = {661D46BD-8076-441E-99D9-5F62D17F853B}
		{837E22C0-999A-4F14-BC3C-FD57B0BEFC61} = {837E22C0-999A-4F14-BC3C-FD57B0BEFC61}
		{AB9A48C4-3E90-421E-A2A2-821DCCCC31C8} = {AB9A48C4-3E90-421E-A2A2-821DCCCC31C8}
		{40324ACA-C157-44A3-953E-4BD8C1A52A15} = {40324ACA-C157-44A3-953E-4BD8C1A52A15}
		{CE8EF8D9-F3DB-4A37-ACAA-726FFA533130} = {CE8EF8D9-F3DB-4A37-ACAA-726FFA533130}
		{B3D314DE-781F-4D32-B084-253DDA268A1F} = {B3D314DE-781F-4D32-B084-253DDA268A1F}
	EndProjectSection
EndProject
Project("{8BC9CEB8-8B4A-11D0-8D11-00A0C91BC942}") = "MPEG2IPMPXDRMEncoder", "..\MPEG2IPMPXDRMEncoderPlugin\MPEG2IPMPXDRMEncoder\MPEG2IPMPXDRMEncoder.vcproj", "{D8EE2B1C-B686-497C-996C-A06E2994706E}"
	ProjectSection(ProjectDependencies) = postProject
		{61F0F491-9603-4570-A86F-1704EE4BD6A1} = {61F0F491-9603-4570-A86F-1704EE4BD6A1}
		{9130EDBF-EE46-4FD7-8E3B-20DA7B483620} = {9130EDBF-EE46-4FD7-8E3B-20DA7B483620}
		{EA6947C1-C963-46C6-A0F4-F4CA37AD4287} = {EA6947C1-C963-46C6-A0F4-F4CA37AD4287}
	EndProjectSection
EndProject
Project("{8BC9CEB8-8B4A-11D0-8D11-00A0C91BC942}") = "MessageRouter", "..\MPEG2IPMPXDRMDecoderPlugin\MessageRouter\MessageRouter.vcproj", "{65AB2531-41B5-4DC3-B7E9-75340524BB6B}"
	ProjectSection(ProjectDependencies) = postProject
		{41CE7CA7-2ECE-453E-8381-EE259D63FF6C} = {41CE7CA7-2ECE-453E-8381-EE259D63FF6C}
	EndProjectSection
EndProject
Project("{8BC9CEB8-8B4A-11D0-8D11-00A0C91BC942}") = "OpenIPMPDRMDecManagerFactory", "..\..\..\DRMDecoderPlugin\OpenIPMPDRMDecManagerFactory\OpenIPMPDRMDecManagerFactory.vcproj", "{E8F74DCC-70C3-4954-B94C-906587B02C14}"
	ProjectSection(ProjectDependencies) = postProject
		{ADA76302-AD76-44FD-BF86-DCD25B56B2B1} = {ADA76302-AD76-44FD-BF86-DCD25B56B2B1}
		{C852035B-4EBF-456E-8671-12A7CF537C50} = {C852035B-4EBF-456E-8671-12A7CF537C50}
		{CED6C2F6-F7DA-4A5C-AD96-D1F3CCA2E6F3} = {CED6C2F6-F7DA-4A5C-AD96-D1F3CCA2E6F3}
	EndProjectSection
EndProject
Project("{8BC9CEB8-8B4A-11D0-8D11-00A0C91BC942}") = "OpenIPMPDRMEncManagerFactory", "..\..\..\DRMEncoderPlugin\OpenIPMPDRMEncManagerFactory\OpenIPMPDRMEncManagerFactory.vcproj", "{EA6947C1-C963-46C6-A0F4-F4CA37AD4287}"
	ProjectSection(ProjectDependencies) = postProject
		{ADA76302-AD76-44FD-BF86-DCD25B56B2B1} = {ADA76302-AD76-44FD-BF86-DCD25B56B2B1}
		{C852035B-4EBF-456E-8671-12A7CF537C50} = {C852035B-4EBF-456E-8671-12A7CF537C50}
		{CED6C2F6-F7DA-4A5C-AD96-D1F3CCA2E6F3} = {CED6C2F6-F7DA-4A5C-AD96-D1F3CCA2E6F3}
	EndProjectSection
EndProject
Project("{8BC9CEB8-8B4A-11D0-8D11-00A0C91BC942}") = "OpenIPMPKeyManager", "..\..\..\OpenIPMPKeyManager\OpenIPMPKeyManager.vcproj", "{CED6C2F6-F7DA-4A5C-AD96-D1F3CCA2E6F3}"
	ProjectSection(ProjectDependencies) = postProject
	EndProjectSection
EndProject
Project("{8BC9CEB8-8B4A-11D0-8D11-00A0C91BC942}") = "OpenIPMPMPEG2IPMPXDRMEncryptor", "..\MPEG2IPMPXDRMEncoderPlugin\OpenIPMPMPEG2IPMPXDRMEncryptor\OpenIPMPMPEG2IPMPXDRMEncryptor.vcproj", "{61F0F491-9603-4570-A86F-1704EE4BD6A1}"
	ProjectSection(ProjectDependencies) = postProject
		{CE674E31-F117-4F2D-8BF0-A4FFBEFD06DC} = {CE674E31-F117-4F2D-8BF0-A4FFBEFD06DC}
		{40324ACA-C157-44A3-953E-4BD8C1A52A15} = {40324ACA-C157-44A3-953E-4BD8C1A52A15}
	EndProjectSection
EndProject
Project("{8BC9CEB8-8B4A-11D0-8D11-00A0C91BC942}") = "OpenIPMPMessengerFactory", "..\..\..\OpenIPMPMessengerFactory\OpenIPMPMessengerFactory.vcproj", "{C852035B-4EBF-456E-8671-12A7CF537C50}"
	ProjectSection(ProjectDependencies) = postProject
		{F5FE74A3-9736-4150-B2BF-5261844EF0B7} = {F5FE74A3-9736-4150-B2BF-5261844EF0B7}
		{41CE7CA7-2ECE-453E-8381-EE259D63FF6C} = {41CE7CA7-2ECE-453E-8381-EE259D63FF6C}
		{6D441CC5-A895-4BC5-9B57-911E57332C5E} = {6D441CC5-A895-4BC5-9B57-911E57332C5E}
	EndProjectSection
EndProject
Project("{8BC9CEB8-8B4A-11D0-8D11-00A0C91BC942}") = "OpenIPMPTool", "..\MPEG2IPMPXDRMDecoderPlugin\OpenIPMPTool\OpenIPMPTool.vcproj", "{BD1C7FB1-2B7D-41B4-ADCB-3F3B0A76260E}"
	ProjectSection(ProjectDependencies) = postProject
		{649F4B07-83DE-4CDB-8AFD-BFBB54EC4448} = {649F4B07-83DE-4CDB-8AFD-BFBB54EC4448}
		{65AB2531-41B5-4DC3-B7E9-75340524BB6B} = {65AB2531-41B5-4DC3-B7E9-75340524BB6B}
		{CE674E31-F117-4F2D-8BF0-A4FFBEFD06DC} = {CE674E31-F117-4F2D-8BF0-A4FFBEFD06DC}
		{41CE7CA7-2ECE-453E-8381-EE259D63FF6C} = {41CE7CA7-2ECE-453E-8381-EE259D63FF6C}
		{AB9A48C4-3E90-421E-A2A2-821DCCCC31C8} = {AB9A48C4-3E90-421E-A2A2-821DCCCC31C8}
		{E8F74DCC-70C3-4954-B94C-906587B02C14} = {E8F74DCC-70C3-4954-B94C-906587B02C14}
		{B3D314DE-781F-4D32-B084-253DDA268A1F} = {B3D314DE-781F-4D32-B084-253DDA268A1F}
	EndProjectSection
EndProject
Project("{8BC9CEB8-8B4A-11D0-8D11-00A0C91BC942}") = "ThreadSyncFactory", "..\..\..\ThreadSyncFactory\ThreadSyncFactory.vcproj", "{41CE7CA7-2ECE-453E-8381-EE259D63FF6C}"
	ProjectSection(ProjectDependencies) = postProject
	EndProjectSection
EndProject
Project("{8BC9CEB8-8B4A-11D0-8D11-00A0C91BC942}") = "XMLFactory", "..\..\..\XMLFactory\XMLFactory.vcproj", "{AB9A48C4-3E90-421E-A2A2-821DCCCC31C8}"
	ProjectSection(ProjectDependencies) = postProject
	EndProjectSection
EndProject
Project("{8BC9CEB8-8B4A-11D0-8D11-00A0C91BC942}") = "openipmp", "..\..\..\openIPMP\openipmp.vcproj", "{6D441CC5-A895-4BC5-9B57-911E57332C5E}"
	ProjectSection(ProjectDependencies) = postProject
	EndProjectSection
EndProject
Project("{8BC9CEB8-8B4A-11D0-8D11-00A0C91BC942}") = "squashxml", "..\..\..\squashxml\squashxml.vcproj", "{F5FE74A3-9736-4150-B2BF-5261844EF0B7}"
	ProjectSection(ProjectDependencies) = postProject
	EndProjectSection
EndProject
Global
	GlobalSection(SolutionConfiguration) = preSolution
		Debug = Debug
		Release = Release
	EndGlobalSection
	GlobalSection(ProjectConfiguration) = postSolution
		{ADA76302-AD76-44FD-BF86-DCD25B56B2B1}.Debug.ActiveCfg = Debug|Win32
		{ADA76302-AD76-44FD-BF86-DCD25B56B2B1}.Debug.Build.0 = Debug|Win32
		{ADA76302-AD76-44FD-BF86-DCD25B56B2B1}.Release.ActiveCfg = Release|Win32
		{ADA76302-AD76-44FD-BF86-DCD25B56B2B1}.Release.Build.0 = Release|Win32
		{9130EDBF-EE46-4FD7-8E3B-20DA7B483620}.Debug.ActiveCfg = Debug|Win32
		{9130EDBF-EE46-4FD7-8E3B-20DA7B483620}.Debug.Build.0 = Debug|Win32
		{9130EDBF-EE46-4FD7-8E3B-20DA7B483620}.Release.ActiveCfg = Release|Win32
		{9130EDBF-EE46-4FD7-8E3B-20DA7B483620}.Release.Build.0 = Release|Win32
		{661D46BD-8076-441E-99D9-5F62D17F853B}.Debug.ActiveCfg = Debug|Win32
		{661D46BD-8076-441E-99D9-5F62D17F853B}.Debug.Build.0 = Debug|Win32
		{661D46BD-8076-441E-99D9-5F62D17F853B}.Release.ActiveCfg = Release|Win32
		{661D46BD-8076-441E-99D9-5F62D17F853B}.Release.Build.0 = Release|Win32
		{CE8EF8D9-F3DB-4A37-ACAA-726FFA533130}.Debug.ActiveCfg = Debug|Win32
		{CE8EF8D9-F3DB-4A37-ACAA-726FFA533130}.Debug.Build.0 = Debug|Win32
		{CE8EF8D9-F3DB-4A37-ACAA-726FFA533130}.Release.ActiveCfg = Release|Win32
		{CE8EF8D9-F3DB-4A37-ACAA-726FFA533130}.Release.Build.0 = Release|Win32
		{40324ACA-C157-44A3-953E-4BD8C1A52A15}.Debug.ActiveCfg = Debug|Win32
		{40324ACA-C157-44A3-953E-4BD8C1A52A15}.Debug.Build.0 = Debug|Win32
		{40324ACA-C157-44A3-953E-4BD8C1A52A15}.Release.ActiveCfg = Release|Win32
		{40324ACA-C157-44A3-953E-4BD8C1A52A15}.Release.Build.0 = Release|Win32
		{D8E09B0E-487D-40A5-AB6F-87EDB7BA8C10}.Debug.ActiveCfg = Debug|Win32
		{D8E09B0E-487D-40A5-AB6F-87EDB7BA8C10}.Debug.Build.0 = Debug|Win32
		{D8E09B0E-487D-40A5-AB6F-87EDB7BA8C10}.Release.ActiveCfg = Release|Win32
		{D8E09B0E-487D-40A5-AB6F-87EDB7BA8C10}.Release.Build.0 = Release|Win32
		{B3D314DE-781F-4D32-B084-253DDA268A1F}.Debug.ActiveCfg = Debug|Win32
		{B3D314DE-781F-4D32-B084-253DDA268A1F}.Debug.Build.0 = Debug|Win32
		{B3D314DE-781F-4D32-B084-253DDA268A1F}.Release.ActiveCfg = Release|Win32
		{B3D314DE-781F-4D32-B084-253DDA268A1F}.Release.Build.0 = Release|Win32
		{CE674E31-F117-4F2D-8BF0-A4FFBEFD06DC}.Debug.ActiveCfg = Debug|Win32
		{CE674E31-F117-4F2D-8BF0-A4FFBEFD06DC}.Debug.Build.0 = Debug|Win32
		{CE674E31-F117-4F2D-8BF0-A4FFBEFD06DC}.Release.ActiveCfg = Release|Win32
		{CE674E31-F117-4F2D-8BF0-A4FFBEFD06DC}.Release.Build.0 = Release|Win32
		{649F4B07-83DE-4CDB-8AFD-BFBB54EC4448}.Debug.ActiveCfg = Debug|Win32
		{649F4B07-83DE-4CDB-8AFD-BFBB54EC4448}.Debug.Build.0 = Debug|Win32
		{649F4B07-83DE-4CDB-8AFD-BFBB54EC4448}.Release.ActiveCfg = Release|Win32
		{649F4B07-83DE-4CDB-8AFD-BFBB54EC4448}.Release.Build.0 = Release|Win32
		{837E22C0-999A-4F14-BC3C-FD57B0BEFC61}.Debug.ActiveCfg = Debug|Win32
		{837E22C0-999A-4F14-BC3C-FD57B0BEFC61}.Debug.Build.0 = Debug|Win32
		{837E22C0-999A-4F14-BC3C-FD57B0BEFC61}.Release.ActiveCfg = Release|Win32
		{837E22C0-999A-4F14-BC3C-FD57B0BEFC61}.Release.Build.0 = Release|Win32
		{AF3EA9A7-E08A-4281-B7D5-0C4361288875}.Debug.ActiveCfg = Debug|Win32
		{AF3EA9A7-E08A-4281-B7D5-0C4361288875}.Debug.Build.0 = Debug|Win32
		{AF3EA9A7-E08A-4281-B7D5-0C4361288875}.Release.ActiveCfg = Release|Win32
		{AF3EA9A7-E08A-4281-B7D5-0C4361288875}.Release.Build.0 = Release|Win32
		{D8EE2B1C-B686-497C-996C-A06E2994706E}.Debug.ActiveCfg = Debug|Win32
		{D8EE2B1C-B686-497C-996C-A06E2994706E}.Debug.Build.0 = Debug|Win32
		{D8EE2B1C-B686-497C-996C-A06E2994706E}.Release.ActiveCfg = Release|Win32
		{D8EE2B1C-B686-497C-996C-A06E2994706E}.Release.Build.0 = Release|Win32
		{65AB2531-41B5-4DC3-B7E9-75340524BB6B}.Debug.ActiveCfg = Debug|Win32
		{65AB2531-41B5-4DC3-B7E9-75340524BB6B}.Debug.Build.0 = Debug|Win32
		{65AB2531-41B5-4DC3-B7E9-75340524BB6B}.Release.ActiveCfg = Release|Win32
		{65AB2531-41B5-4DC3-B7E9-75340524BB6B}.Release.Build.0 = Release|Win32
		{E8F74DCC-70C3-4954-B94C-906587B02C14}.Debug.ActiveCfg = Debug|Win32
		{E8F74DCC-70C3-4954-B94C-906587B02C14}.Debug.Build.0 = Debug|Win32
		{E8F74DCC-70C3-4954-B94C-906587B02C14}.Release.ActiveCfg = Release|Win32
		{E8F74DCC-70C3-4954-B94C-906587B02C14}.Release.Build.0 = Release|Win32
		{EA6947C1-C963-46C6-A0F4-F4CA37AD4287}.Debug.ActiveCfg = Debug|Win32
		{EA6947C1-C963-46C6-A0F4-F4CA37AD4287}.Debug.Build.0 = Debug|Win32
		{EA6947C1-C963-46C6-A0F4-F4CA37AD4287}.Release.ActiveCfg = Release|Win32
		{EA6947C1-C963-46C6-A0F4-F4CA37AD4287}.Release.Build.0 = Release|Win32
		{CED6C2F6-F7DA-4A5C-AD96-D1F3CCA2E6F3}.Debug.ActiveCfg = Debug|Win32
		{CED6C2F6-F7DA-4A5C-AD96-D1F3CCA2E6F3}.Debug.Build.0 = Debug|Win32
		{CED6C2F6-F7DA-4A5C-AD96-D1F3CCA2E6F3}.Release.ActiveCfg = Release|Win32
		{CED6C2F6-F7DA-4A5C-AD96-D1F3CCA2E6F3}.Release.Build.0 = Release|Win32
		{61F0F491-9603-4570-A86F-1704EE4BD6A1}.Debug.ActiveCfg = Debug|Win32
		{61F0F491-9603-4570-A86F-1704EE4BD6A1}.Debug.Build.0 = Debug|Win32
		{61F0F491-9603-4570-A86F-1704EE4BD6A1}.Release.ActiveCfg = Release|Win32
		{61F0F491-9603-4570-A86F-1704EE4BD6A1}.Release.Build.0 = Release|Win32
		{C852035B-4EBF-456E-8671-12A7CF537C50}.Debug.ActiveCfg = Debug|Win32
		{C852035B-4EBF-456E-8671-12A7CF537C50}.Debug.Build.0 = Debug|Win32
		{C852035B-4EBF-456E-8671-12A7CF537C50}.Release.ActiveCfg = Release|Win32
		{C852035B-4EBF-456E-8671-12A7CF537C50}.Release.Build.0 = Release|Win32
		{BD1C7FB1-2B7D-41B4-ADCB-3F3B0A76260E}.Debug.ActiveCfg = Debug|Win32
		{BD1C7FB1-2B7D-41B4-ADCB-3F3B0A76260E}.Debug.Build.0 = Debug|Win32
		{BD1C7FB1-2B7D-41B4-ADCB-3F3B0A76260E}.Release.ActiveCfg = Release|Win32
		{BD1C7FB1-2B7D-41B4-ADCB-3F3B0A76260E}.Release.Build.0 = Release|Win32
		{41CE7CA7-2ECE-453E-8381-EE259D63FF6C}.Debug.ActiveCfg = Debug|Win32
		{41CE7CA7-2ECE-453E-8381-EE259D63FF6C}.Debug.Build.0 = Debug|Win32
		{41CE7CA7-2ECE-453E-8381-EE259D63FF6C}.Release.ActiveCfg = Release|Win32
		{41CE7CA7-2ECE-453E-8381-EE259D63FF6C}.Release.Build.0 = Release|Win32
		{AB9A48C4-3E90-421E-A2A2-821DCCCC31C8}.Debug.ActiveCfg = Debug|Win32
		{AB9A48C4-3E90-421E-A2A2-821DCCCC31C8}.Debug.Build.0 = Debug|Win32
		{AB9A48C4-3E90-421E-A2A2-821DCCCC31C8}.Release.ActiveCfg = Release|Win32
		{AB9A48C4-3E90-421E-A2A2-821DCCCC31C8}.Release.Build.0 = Release|Win32
		{6D441CC5-A895-4BC5-9B57-911E57332C5E}.Debug.ActiveCfg = Debug|Win32
		{6D441CC5-A895-4BC5-9B57-911E57332C5E}.Debug.Build.0 = Debug|Win32
		{6D441CC5-A895-4BC5-9B57-911E57332C5E}.Release.ActiveCfg = Release|Win32
		{6D441CC5-A895-4BC5-9B57-911E57332C5E}.Release.Build.0 = Release|Win32
		{F5FE74A3-9736-4150-B2BF-5261844EF0B7}.Debug.ActiveCfg = Debug|Win32
		{F5FE74A3-9736-4150-B2BF-5261844EF0B7}.Debug.Build.0 = Debug|Win32
		{F5FE74A3-9736-4150-B2BF-5261844EF0B7}.Release.ActiveCfg = Release|Win32
		{F5FE74A3-9736-4150-B2BF-5261844EF0B7}.Release.Build.0 = Release|Win32
	EndGlobalSection
	GlobalSection(ExtensibilityGlobals) = postSolution
	EndGlobalSection
	GlobalSection(ExtensibilityAddIns) = postSolution
	EndGlobalSection
EndGlobal
