Microsoft Visual Studio Solution File, Format Version 8.00
Project("{8BC9CEB8-8B4A-11D0-8D11-00A0C91BC942}") = "Base64Factory", "..\..\Base64Factory\Base64Factory.vcproj", "{BEBAE5FB-EA37-499C-9972-DC04CC39DE20}"
	ProjectSection(ProjectDependencies) = postProject
	EndProjectSection
EndProject
Project("{8BC9CEB8-8B4A-11D0-8D11-00A0C91BC942}") = "CipherFactory", "..\..\CipherFactory\CipherFactory.vcproj", "{DA4E15CC-29A6-4A9A-B570-06A19C47847C}"
	ProjectSection(ProjectDependencies) = postProject
	EndProjectSection
EndProject
Project("{8BC9CEB8-8B4A-11D0-8D11-00A0C91BC942}") = "OMADRMCommon", "..\OMADRMCommon\OMADRMCommon.vcproj", "{1136B6AE-47F8-46AF-8C9B-0D97126E3B7A}"
	ProjectSection(ProjectDependencies) = postProject
	EndProjectSection
EndProject
Project("{8BC9CEB8-8B4A-11D0-8D11-00A0C91BC942}") = "OMADRMCrypto", "..\OMADRMCrypto\OMADRMCrypto.vcproj", "{70911A82-29E2-42DD-A178-7EB7F6CCE8C0}"
	ProjectSection(ProjectDependencies) = postProject
	EndProjectSection
EndProject
Project("{8BC9CEB8-8B4A-11D0-8D11-00A0C91BC942}") = "OMADRMDecCommHandlerFactory", "..\..\DRMDecoderPlugin\OMADRMDecCommHandlerFactory\OMADRMDecCommHandlerFactory.vcproj", "{A3CD5D78-4382-4384-A115-458A22C3947C}"
	ProjectSection(ProjectDependencies) = postProject
		{6E6B7800-663A-4B8C-A058-59255A20D801} = {6E6B7800-663A-4B8C-A058-59255A20D801}
		{6B1CC51F-DFF7-4054-AE76-61B6C38544F8} = {6B1CC51F-DFF7-4054-AE76-61B6C38544F8}
		{7C478730-0A78-4407-8921-5286D3EBAB30} = {7C478730-0A78-4407-8921-5286D3EBAB30}
		{A6006748-E243-4741-AC66-24ABC8517E0F} = {A6006748-E243-4741-AC66-24ABC8517E0F}
		{4893017D-A3A1-4CE7-978D-81E4603DFCCA} = {4893017D-A3A1-4CE7-978D-81E4603DFCCA}
	EndProjectSection
EndProject
Project("{8BC9CEB8-8B4A-11D0-8D11-00A0C91BC942}") = "OMADRMDecManagerFactory", "..\..\DRMDECODERPLUGIN\OMADRMDecManagerFactory\OMADRMDecManagerFactory.vcproj", "{CCC54A85-8190-4F59-9BB0-C8435B2EC615}"
	ProjectSection(ProjectDependencies) = postProject
		{6E6B7800-663A-4B8C-A058-59255A20D801} = {6E6B7800-663A-4B8C-A058-59255A20D801}
		{7C478730-0A78-4407-8921-5286D3EBAB30} = {7C478730-0A78-4407-8921-5286D3EBAB30}
		{A6006748-E243-4741-AC66-24ABC8517E0F} = {A6006748-E243-4741-AC66-24ABC8517E0F}
		{B953E360-0924-486E-9363-E90E2496072E} = {B953E360-0924-486E-9363-E90E2496072E}
		{7ABFA467-53B4-4CCD-A991-6F935CEFA07A} = {7ABFA467-53B4-4CCD-A991-6F935CEFA07A}
		{A3CD5D78-4382-4384-A115-458A22C3947C} = {A3CD5D78-4382-4384-A115-458A22C3947C}
		{4893017D-A3A1-4CE7-978D-81E4603DFCCA} = {4893017D-A3A1-4CE7-978D-81E4603DFCCA}
		{70911A82-29E2-42DD-A178-7EB7F6CCE8C0} = {70911A82-29E2-42DD-A178-7EB7F6CCE8C0}
		{0E545484-98F9-4125-8492-7C878A94CE24} = {0E545484-98F9-4125-8492-7C878A94CE24}
		{1136B6AE-47F8-46AF-8C9B-0D97126E3B7A} = {1136B6AE-47F8-46AF-8C9B-0D97126E3B7A}
		{DA4E15CC-29A6-4A9A-B570-06A19C47847C} = {DA4E15CC-29A6-4A9A-B570-06A19C47847C}
		{BEBAE5FB-EA37-499C-9972-DC04CC39DE20} = {BEBAE5FB-EA37-499C-9972-DC04CC39DE20}
	EndProjectSection
EndProject
Project("{8BC9CEB8-8B4A-11D0-8D11-00A0C91BC942}") = "OMADRMEncCommHandlerFactory", "..\..\DRMEncoderPlugin\OMADRMEncCommHandlerFactory\OMADRMEncCommHandlerFactory.vcproj", "{5B76C680-F53B-4BC0-AB2C-2AC46BA538A5}"
	ProjectSection(ProjectDependencies) = postProject
		{6E6B7800-663A-4B8C-A058-59255A20D801} = {6E6B7800-663A-4B8C-A058-59255A20D801}
		{E305C900-4214-49F3-88D4-9790CCB490C8} = {E305C900-4214-49F3-88D4-9790CCB490C8}
		{7C478730-0A78-4407-8921-5286D3EBAB30} = {7C478730-0A78-4407-8921-5286D3EBAB30}
		{A6006748-E243-4741-AC66-24ABC8517E0F} = {A6006748-E243-4741-AC66-24ABC8517E0F}
		{4893017D-A3A1-4CE7-978D-81E4603DFCCA} = {4893017D-A3A1-4CE7-978D-81E4603DFCCA}
	EndProjectSection
EndProject
Project("{8BC9CEB8-8B4A-11D0-8D11-00A0C91BC942}") = "OMADRMEncManagerFactory", "..\..\DRMENCODERPLUGIN\OMADRMEncManagerFactory\OMADRMEncManagerFactory.vcproj", "{3EC17B23-1AF9-4935-AFF2-A4BC198E45CC}"
	ProjectSection(ProjectDependencies) = postProject
		{A6006748-E243-4741-AC66-24ABC8517E0F} = {A6006748-E243-4741-AC66-24ABC8517E0F}
		{B953E360-0924-486E-9363-E90E2496072E} = {B953E360-0924-486E-9363-E90E2496072E}
		{7ABFA467-53B4-4CCD-A991-6F935CEFA07A} = {7ABFA467-53B4-4CCD-A991-6F935CEFA07A}
		{4893017D-A3A1-4CE7-978D-81E4603DFCCA} = {4893017D-A3A1-4CE7-978D-81E4603DFCCA}
		{5B76C680-F53B-4BC0-AB2C-2AC46BA538A5} = {5B76C680-F53B-4BC0-AB2C-2AC46BA538A5}
		{70911A82-29E2-42DD-A178-7EB7F6CCE8C0} = {70911A82-29E2-42DD-A178-7EB7F6CCE8C0}
		{1136B6AE-47F8-46AF-8C9B-0D97126E3B7A} = {1136B6AE-47F8-46AF-8C9B-0D97126E3B7A}
		{DA4E15CC-29A6-4A9A-B570-06A19C47847C} = {DA4E15CC-29A6-4A9A-B570-06A19C47847C}
		{BEBAE5FB-EA37-499C-9972-DC04CC39DE20} = {BEBAE5FB-EA37-499C-9972-DC04CC39DE20}
	EndProjectSection
EndProject
Project("{8BC9CEB8-8B4A-11D0-8D11-00A0C91BC942}") = "OMADRMMQDecCommHandler", "OMADRMMQDecCommHandler\OMADRMMQDecCommHandler.vcproj", "{6B1CC51F-DFF7-4054-AE76-61B6C38544F8}"
	ProjectSection(ProjectDependencies) = postProject
		{B7E3CB3F-8796-4B67-8A26-111B9D368280} = {B7E3CB3F-8796-4B67-8A26-111B9D368280}
		{70911A82-29E2-42DD-A178-7EB7F6CCE8C0} = {70911A82-29E2-42DD-A178-7EB7F6CCE8C0}
		{0E545484-98F9-4125-8492-7C878A94CE24} = {0E545484-98F9-4125-8492-7C878A94CE24}
		{1136B6AE-47F8-46AF-8C9B-0D97126E3B7A} = {1136B6AE-47F8-46AF-8C9B-0D97126E3B7A}
		{BEBAE5FB-EA37-499C-9972-DC04CC39DE20} = {BEBAE5FB-EA37-499C-9972-DC04CC39DE20}
	EndProjectSection
EndProject
Project("{8BC9CEB8-8B4A-11D0-8D11-00A0C91BC942}") = "OMADRMMQEncCommHandler", "OMADRMMQEncCommHandler\OMADRMMQEncCommHandler.vcproj", "{E305C900-4214-49F3-88D4-9790CCB490C8}"
	ProjectSection(ProjectDependencies) = postProject
		{B7E3CB3F-8796-4B67-8A26-111B9D368280} = {B7E3CB3F-8796-4B67-8A26-111B9D368280}
		{70911A82-29E2-42DD-A178-7EB7F6CCE8C0} = {70911A82-29E2-42DD-A178-7EB7F6CCE8C0}
		{0E545484-98F9-4125-8492-7C878A94CE24} = {0E545484-98F9-4125-8492-7C878A94CE24}
		{1136B6AE-47F8-46AF-8C9B-0D97126E3B7A} = {1136B6AE-47F8-46AF-8C9B-0D97126E3B7A}
		{BEBAE5FB-EA37-499C-9972-DC04CC39DE20} = {BEBAE5FB-EA37-499C-9972-DC04CC39DE20}
	EndProjectSection
EndProject
Project("{8BC9CEB8-8B4A-11D0-8D11-00A0C91BC942}") = "OMADRMServer", "OMADRMServer\OMADRMServer.vcproj", "{B7E3CB3F-8796-4B67-8A26-111B9D368280}"
	ProjectSection(ProjectDependencies) = postProject
	EndProjectSection
EndProject
Project("{8BC9CEB8-8B4A-11D0-8D11-00A0C91BC942}") = "OMADRMTest", "OMADRMTest\OMADRMTest.vcproj", "{591C9710-2425-4F7C-B4B4-48709812476D}"
	ProjectSection(ProjectDependencies) = postProject
		{6E6B7800-663A-4B8C-A058-59255A20D801} = {6E6B7800-663A-4B8C-A058-59255A20D801}
		{3EC17B23-1AF9-4935-AFF2-A4BC198E45CC} = {3EC17B23-1AF9-4935-AFF2-A4BC198E45CC}
		{A6006748-E243-4741-AC66-24ABC8517E0F} = {A6006748-E243-4741-AC66-24ABC8517E0F}
		{4893017D-A3A1-4CE7-978D-81E4603DFCCA} = {4893017D-A3A1-4CE7-978D-81E4603DFCCA}
		{70911A82-29E2-42DD-A178-7EB7F6CCE8C0} = {70911A82-29E2-42DD-A178-7EB7F6CCE8C0}
		{0E545484-98F9-4125-8492-7C878A94CE24} = {0E545484-98F9-4125-8492-7C878A94CE24}
		{CCC54A85-8190-4F59-9BB0-C8435B2EC615} = {CCC54A85-8190-4F59-9BB0-C8435B2EC615}
		{DA4E15CC-29A6-4A9A-B570-06A19C47847C} = {DA4E15CC-29A6-4A9A-B570-06A19C47847C}
		{BEBAE5FB-EA37-499C-9972-DC04CC39DE20} = {BEBAE5FB-EA37-499C-9972-DC04CC39DE20}
	EndProjectSection
EndProject
Project("{8BC9CEB8-8B4A-11D0-8D11-00A0C91BC942}") = "OpenIPMPKeyManager", "..\..\OpenIPMPKeyManager\OpenIPMPKeyManager.vcproj", "{7ABFA467-53B4-4CCD-A991-6F935CEFA07A}"
	ProjectSection(ProjectDependencies) = postProject
	EndProjectSection
EndProject
Project("{8BC9CEB8-8B4A-11D0-8D11-00A0C91BC942}") = "OpenIPMPMessengerFactory", "..\..\OpenIPMPMessengerFactory\OpenIPMPMessengerFactory.vcproj", "{B953E360-0924-486E-9363-E90E2496072E}"
	ProjectSection(ProjectDependencies) = postProject
		{A6006748-E243-4741-AC66-24ABC8517E0F} = {A6006748-E243-4741-AC66-24ABC8517E0F}
		{60DCBF54-E523-4539-8A3C-4D889E0A2B09} = {60DCBF54-E523-4539-8A3C-4D889E0A2B09}
		{14134263-CEBF-495A-BE8D-16117B96766C} = {14134263-CEBF-495A-BE8D-16117B96766C}
	EndProjectSection
EndProject
Project("{8BC9CEB8-8B4A-11D0-8D11-00A0C91BC942}") = "PublicCryptoFactory", "..\..\PublicCryptoFactory\PublicCryptoFactory.vcproj", "{0E545484-98F9-4125-8492-7C878A94CE24}"
	ProjectSection(ProjectDependencies) = postProject
	EndProjectSection
EndProject
Project("{8BC9CEB8-8B4A-11D0-8D11-00A0C91BC942}") = "ROAP", "..\ROAP\ROAP.vcproj", "{4893017D-A3A1-4CE7-978D-81E4603DFCCA}"
	ProjectSection(ProjectDependencies) = postProject
	EndProjectSection
EndProject
Project("{8BC9CEB8-8B4A-11D0-8D11-00A0C91BC942}") = "ROAPParser", "..\ROAPParser\ROAPParser.vcproj", "{7C478730-0A78-4407-8921-5286D3EBAB30}"
	ProjectSection(ProjectDependencies) = postProject
	EndProjectSection
EndProject
Project("{8BC9CEB8-8B4A-11D0-8D11-00A0C91BC942}") = "ThreadSyncFactory", "..\..\ThreadSyncFactory\ThreadSyncFactory.vcproj", "{A6006748-E243-4741-AC66-24ABC8517E0F}"
	ProjectSection(ProjectDependencies) = postProject
	EndProjectSection
EndProject
Project("{8BC9CEB8-8B4A-11D0-8D11-00A0C91BC942}") = "XMLFactory", "..\..\XMLFactory\XMLFactory.vcproj", "{6E6B7800-663A-4B8C-A058-59255A20D801}"
	ProjectSection(ProjectDependencies) = postProject
	EndProjectSection
EndProject
Project("{8BC9CEB8-8B4A-11D0-8D11-00A0C91BC942}") = "openipmp", "..\..\openIPMP\openipmp.vcproj", "{14134263-CEBF-495A-BE8D-16117B96766C}"
	ProjectSection(ProjectDependencies) = postProject
	EndProjectSection
EndProject
Project("{8BC9CEB8-8B4A-11D0-8D11-00A0C91BC942}") = "squashxml", "..\..\squashxml\squashxml.vcproj", "{60DCBF54-E523-4539-8A3C-4D889E0A2B09}"
	ProjectSection(ProjectDependencies) = postProject
	EndProjectSection
EndProject
Project("{8BC9CEB8-8B4A-11D0-8D11-00A0C91BC942}") = "OMADRMDeviceIDCalc", "..\OMADRMDeviceIDCalc\OMADRMDeviceIDCalc.vcproj", "{A1609F08-0BF1-48D8-ABC4-B3ECCC4FCF15}"
	ProjectSection(ProjectDependencies) = postProject
		{4893017D-A3A1-4CE7-978D-81E4603DFCCA} = {4893017D-A3A1-4CE7-978D-81E4603DFCCA}
		{70911A82-29E2-42DD-A178-7EB7F6CCE8C0} = {70911A82-29E2-42DD-A178-7EB7F6CCE8C0}
		{0E545484-98F9-4125-8492-7C878A94CE24} = {0E545484-98F9-4125-8492-7C878A94CE24}
		{BEBAE5FB-EA37-499C-9972-DC04CC39DE20} = {BEBAE5FB-EA37-499C-9972-DC04CC39DE20}
	EndProjectSection
EndProject
Global
	GlobalSection(SolutionConfiguration) = preSolution
		Debug = Debug
		Release = Release
	EndGlobalSection
	GlobalSection(ProjectConfiguration) = postSolution
		{BEBAE5FB-EA37-499C-9972-DC04CC39DE20}.Debug.ActiveCfg = Debug|Win32
		{BEBAE5FB-EA37-499C-9972-DC04CC39DE20}.Debug.Build.0 = Debug|Win32
		{BEBAE5FB-EA37-499C-9972-DC04CC39DE20}.Release.ActiveCfg = Release|Win32
		{BEBAE5FB-EA37-499C-9972-DC04CC39DE20}.Release.Build.0 = Release|Win32
		{DA4E15CC-29A6-4A9A-B570-06A19C47847C}.Debug.ActiveCfg = Debug|Win32
		{DA4E15CC-29A6-4A9A-B570-06A19C47847C}.Debug.Build.0 = Debug|Win32
		{DA4E15CC-29A6-4A9A-B570-06A19C47847C}.Release.ActiveCfg = Release|Win32
		{DA4E15CC-29A6-4A9A-B570-06A19C47847C}.Release.Build.0 = Release|Win32
		{1136B6AE-47F8-46AF-8C9B-0D97126E3B7A}.Debug.ActiveCfg = Debug|Win32
		{1136B6AE-47F8-46AF-8C9B-0D97126E3B7A}.Debug.Build.0 = Debug|Win32
		{1136B6AE-47F8-46AF-8C9B-0D97126E3B7A}.Release.ActiveCfg = Release|Win32
		{1136B6AE-47F8-46AF-8C9B-0D97126E3B7A}.Release.Build.0 = Release|Win32
		{70911A82-29E2-42DD-A178-7EB7F6CCE8C0}.Debug.ActiveCfg = Debug|Win32
		{70911A82-29E2-42DD-A178-7EB7F6CCE8C0}.Debug.Build.0 = Debug|Win32
		{70911A82-29E2-42DD-A178-7EB7F6CCE8C0}.Release.ActiveCfg = Release|Win32
		{70911A82-29E2-42DD-A178-7EB7F6CCE8C0}.Release.Build.0 = Release|Win32
		{A3CD5D78-4382-4384-A115-458A22C3947C}.Debug.ActiveCfg = Debug|Win32
		{A3CD5D78-4382-4384-A115-458A22C3947C}.Debug.Build.0 = Debug|Win32
		{A3CD5D78-4382-4384-A115-458A22C3947C}.Release.ActiveCfg = Release|Win32
		{A3CD5D78-4382-4384-A115-458A22C3947C}.Release.Build.0 = Release|Win32
		{CCC54A85-8190-4F59-9BB0-C8435B2EC615}.Debug.ActiveCfg = Debug|Win32
		{CCC54A85-8190-4F59-9BB0-C8435B2EC615}.Debug.Build.0 = Debug|Win32
		{CCC54A85-8190-4F59-9BB0-C8435B2EC615}.Release.ActiveCfg = Release|Win32
		{CCC54A85-8190-4F59-9BB0-C8435B2EC615}.Release.Build.0 = Release|Win32
		{5B76C680-F53B-4BC0-AB2C-2AC46BA538A5}.Debug.ActiveCfg = Debug|Win32
		{5B76C680-F53B-4BC0-AB2C-2AC46BA538A5}.Debug.Build.0 = Debug|Win32
		{5B76C680-F53B-4BC0-AB2C-2AC46BA538A5}.Release.ActiveCfg = Release|Win32
		{5B76C680-F53B-4BC0-AB2C-2AC46BA538A5}.Release.Build.0 = Release|Win32
		{3EC17B23-1AF9-4935-AFF2-A4BC198E45CC}.Debug.ActiveCfg = Debug|Win32
		{3EC17B23-1AF9-4935-AFF2-A4BC198E45CC}.Debug.Build.0 = Debug|Win32
		{3EC17B23-1AF9-4935-AFF2-A4BC198E45CC}.Release.ActiveCfg = Release|Win32
		{3EC17B23-1AF9-4935-AFF2-A4BC198E45CC}.Release.Build.0 = Release|Win32
		{6B1CC51F-DFF7-4054-AE76-61B6C38544F8}.Debug.ActiveCfg = Debug|Win32
		{6B1CC51F-DFF7-4054-AE76-61B6C38544F8}.Debug.Build.0 = Debug|Win32
		{6B1CC51F-DFF7-4054-AE76-61B6C38544F8}.Release.ActiveCfg = Release|Win32
		{6B1CC51F-DFF7-4054-AE76-61B6C38544F8}.Release.Build.0 = Release|Win32
		{E305C900-4214-49F3-88D4-9790CCB490C8}.Debug.ActiveCfg = Debug|Win32
		{E305C900-4214-49F3-88D4-9790CCB490C8}.Debug.Build.0 = Debug|Win32
		{E305C900-4214-49F3-88D4-9790CCB490C8}.Release.ActiveCfg = Release|Win32
		{E305C900-4214-49F3-88D4-9790CCB490C8}.Release.Build.0 = Release|Win32
		{B7E3CB3F-8796-4B67-8A26-111B9D368280}.Debug.ActiveCfg = Debug|Win32
		{B7E3CB3F-8796-4B67-8A26-111B9D368280}.Debug.Build.0 = Debug|Win32
		{B7E3CB3F-8796-4B67-8A26-111B9D368280}.Release.ActiveCfg = Release|Win32
		{B7E3CB3F-8796-4B67-8A26-111B9D368280}.Release.Build.0 = Release|Win32
		{591C9710-2425-4F7C-B4B4-48709812476D}.Debug.ActiveCfg = Debug|Win32
		{591C9710-2425-4F7C-B4B4-48709812476D}.Debug.Build.0 = Debug|Win32
		{591C9710-2425-4F7C-B4B4-48709812476D}.Release.ActiveCfg = Release|Win32
		{591C9710-2425-4F7C-B4B4-48709812476D}.Release.Build.0 = Release|Win32
		{7ABFA467-53B4-4CCD-A991-6F935CEFA07A}.Debug.ActiveCfg = Debug|Win32
		{7ABFA467-53B4-4CCD-A991-6F935CEFA07A}.Debug.Build.0 = Debug|Win32
		{7ABFA467-53B4-4CCD-A991-6F935CEFA07A}.Release.ActiveCfg = Release|Win32
		{7ABFA467-53B4-4CCD-A991-6F935CEFA07A}.Release.Build.0 = Release|Win32
		{B953E360-0924-486E-9363-E90E2496072E}.Debug.ActiveCfg = Debug|Win32
		{B953E360-0924-486E-9363-E90E2496072E}.Debug.Build.0 = Debug|Win32
		{B953E360-0924-486E-9363-E90E2496072E}.Release.ActiveCfg = Release|Win32
		{B953E360-0924-486E-9363-E90E2496072E}.Release.Build.0 = Release|Win32
		{0E545484-98F9-4125-8492-7C878A94CE24}.Debug.ActiveCfg = Debug|Win32
		{0E545484-98F9-4125-8492-7C878A94CE24}.Debug.Build.0 = Debug|Win32
		{0E545484-98F9-4125-8492-7C878A94CE24}.Release.ActiveCfg = Release|Win32
		{0E545484-98F9-4125-8492-7C878A94CE24}.Release.Build.0 = Release|Win32
		{4893017D-A3A1-4CE7-978D-81E4603DFCCA}.Debug.ActiveCfg = Debug|Win32
		{4893017D-A3A1-4CE7-978D-81E4603DFCCA}.Debug.Build.0 = Debug|Win32
		{4893017D-A3A1-4CE7-978D-81E4603DFCCA}.Release.ActiveCfg = Release|Win32
		{4893017D-A3A1-4CE7-978D-81E4603DFCCA}.Release.Build.0 = Release|Win32
		{7C478730-0A78-4407-8921-5286D3EBAB30}.Debug.ActiveCfg = Debug|Win32
		{7C478730-0A78-4407-8921-5286D3EBAB30}.Debug.Build.0 = Debug|Win32
		{7C478730-0A78-4407-8921-5286D3EBAB30}.Release.ActiveCfg = Release|Win32
		{7C478730-0A78-4407-8921-5286D3EBAB30}.Release.Build.0 = Release|Win32
		{A6006748-E243-4741-AC66-24ABC8517E0F}.Debug.ActiveCfg = Debug|Win32
		{A6006748-E243-4741-AC66-24ABC8517E0F}.Debug.Build.0 = Debug|Win32
		{A6006748-E243-4741-AC66-24ABC8517E0F}.Release.ActiveCfg = Release|Win32
		{A6006748-E243-4741-AC66-24ABC8517E0F}.Release.Build.0 = Release|Win32
		{6E6B7800-663A-4B8C-A058-59255A20D801}.Debug.ActiveCfg = Debug|Win32
		{6E6B7800-663A-4B8C-A058-59255A20D801}.Debug.Build.0 = Debug|Win32
		{6E6B7800-663A-4B8C-A058-59255A20D801}.Release.ActiveCfg = Release|Win32
		{6E6B7800-663A-4B8C-A058-59255A20D801}.Release.Build.0 = Release|Win32
		{14134263-CEBF-495A-BE8D-16117B96766C}.Debug.ActiveCfg = Debug|Win32
		{14134263-CEBF-495A-BE8D-16117B96766C}.Debug.Build.0 = Debug|Win32
		{14134263-CEBF-495A-BE8D-16117B96766C}.Release.ActiveCfg = Release|Win32
		{14134263-CEBF-495A-BE8D-16117B96766C}.Release.Build.0 = Release|Win32
		{60DCBF54-E523-4539-8A3C-4D889E0A2B09}.Debug.ActiveCfg = Debug|Win32
		{60DCBF54-E523-4539-8A3C-4D889E0A2B09}.Debug.Build.0 = Debug|Win32
		{60DCBF54-E523-4539-8A3C-4D889E0A2B09}.Release.ActiveCfg = Release|Win32
		{60DCBF54-E523-4539-8A3C-4D889E0A2B09}.Release.Build.0 = Release|Win32
		{A1609F08-0BF1-48D8-ABC4-B3ECCC4FCF15}.Debug.ActiveCfg = Debug|Win32
		{A1609F08-0BF1-48D8-ABC4-B3ECCC4FCF15}.Debug.Build.0 = Debug|Win32
		{A1609F08-0BF1-48D8-ABC4-B3ECCC4FCF15}.Release.ActiveCfg = Release|Win32
		{A1609F08-0BF1-48D8-ABC4-B3ECCC4FCF15}.Release.Build.0 = Release|Win32
	EndGlobalSection
	GlobalSection(ExtensibilityGlobals) = postSolution
	EndGlobalSection
	GlobalSection(ExtensibilityAddIns) = postSolution
	EndGlobalSection
EndGlobal
