Microsoft Visual Studio Solution File, Format Version 8.00
Project("{8BC9CEB8-8B4A-11D0-8D11-00A0C91BC942}") = "Base64Factory", "..\..\..\Base64Factory\Base64Factory.vcproj", "{3235CE63-A661-456C-AD33-C0662286EA01}"
	ProjectSection(ProjectDependencies) = postProject
	EndProjectSection
EndProject
Project("{8BC9CEB8-8B4A-11D0-8D11-00A0C91BC942}") = "CipherFactory", "..\..\..\CipherFactory\CipherFactory.vcproj", "{B2E26792-6078-465B-9CBA-EC923215808A}"
	ProjectSection(ProjectDependencies) = postProject
	EndProjectSection
EndProject
Project("{8BC9CEB8-8B4A-11D0-8D11-00A0C91BC942}") = "ContentInfoManagerFactory", "..\..\..\DRMENCODERPLUGIN\ContentInfoManagerFactory\ContentInfoManagerFactory.vcproj", "{6D439092-36AE-460B-BEE3-9212035972A0}"
	ProjectSection(ProjectDependencies) = postProject
		{A1383C45-0293-40B3-9052-2C397C98156E} = {A1383C45-0293-40B3-9052-2C397C98156E}
	EndProjectSection
EndProject
Project("{8BC9CEB8-8B4A-11D0-8D11-00A0C91BC942}") = "DecryptorHolder", "..\MPEG4SINFDRMDECODERPLUGIN\DecryptorHolder\DecryptorHolder.vcproj", "{40EC4CA9-564C-4DF4-B5BF-47B86CF3AB6A}"
	ProjectSection(ProjectDependencies) = postProject
	EndProjectSection
EndProject
Project("{8BC9CEB8-8B4A-11D0-8D11-00A0C91BC942}") = "ISMADRMDecManagerFactory", "..\..\..\DRMDECODERPLUGIN\ISMADRMDecManagerFactory\ISMADRMDecManagerFactory.vcproj", "{8E5B7EFB-3F83-4ED8-B8E9-30D58847019B}"
	ProjectSection(ProjectDependencies) = postProject
		{A1383C45-0293-40B3-9052-2C397C98156E} = {A1383C45-0293-40B3-9052-2C397C98156E}
		{46AA5F91-3D5A-4842-871A-395DE0588442} = {46AA5F91-3D5A-4842-871A-395DE0588442}
		{B2E26792-6078-465B-9CBA-EC923215808A} = {B2E26792-6078-465B-9CBA-EC923215808A}
	EndProjectSection
EndProject
Project("{8BC9CEB8-8B4A-11D0-8D11-00A0C91BC942}") = "ISMADRMEncManagerFactory", "..\..\..\DRMENCODERPLUGIN\ISMADRMEncManagerFactory\ISMADRMEncManagerFactory.vcproj", "{96733E82-2C4C-4E56-BFD1-4824CDD577F0}"
	ProjectSection(ProjectDependencies) = postProject
		{A1383C45-0293-40B3-9052-2C397C98156E} = {A1383C45-0293-40B3-9052-2C397C98156E}
		{46AA5F91-3D5A-4842-871A-395DE0588442} = {46AA5F91-3D5A-4842-871A-395DE0588442}
		{B2E26792-6078-465B-9CBA-EC923215808A} = {B2E26792-6078-465B-9CBA-EC923215808A}
	EndProjectSection
EndProject
Project("{8BC9CEB8-8B4A-11D0-8D11-00A0C91BC942}") = "ISMAMPEG4SinfDRMEncryptor", "..\MPEG4SinfDRMEncoderPlugin\ISMAMPEG4SinfDRMEncryptor\ISMAMPEG4SinfDRMEncryptor.vcproj", "{7ADCD805-C32C-49E1-92CF-DE4E5FB913F1}"
	ProjectSection(ProjectDependencies) = postProject
	EndProjectSection
EndProject
Project("{8BC9CEB8-8B4A-11D0-8D11-00A0C91BC942}") = "MPEG4SinfDRMAll", "MPEG4SinfDRMAll.vcproj", "{59EDB294-7581-4890-AB97-C0222CEEF442}"
	ProjectSection(ProjectDependencies) = postProject
		{7ADCD805-C32C-49E1-92CF-DE4E5FB913F1} = {7ADCD805-C32C-49E1-92CF-DE4E5FB913F1}
		{A1609F08-0BF1-48D8-ABC4-B3ECCC4FCF15} = {A1609F08-0BF1-48D8-ABC4-B3ECCC4FCF15}
		{ABC8FD13-4F83-4C3A-AB1B-562DCC3321C3} = {ABC8FD13-4F83-4C3A-AB1B-562DCC3321C3}
		{600CA01E-DCBB-47FD-A650-8517AC54697F} = {600CA01E-DCBB-47FD-A650-8517AC54697F}
		{1405C133-BCB1-46BF-AD70-04770EAC8EF6} = {1405C133-BCB1-46BF-AD70-04770EAC8EF6}
		{A9F7213F-E22C-4B84-AF7F-912230DE25B4} = {A9F7213F-E22C-4B84-AF7F-912230DE25B4}
		{DF042A7B-7FC2-4C51-A845-9070E45249FA} = {DF042A7B-7FC2-4C51-A845-9070E45249FA}
		{96733E82-2C4C-4E56-BFD1-4824CDD577F0} = {96733E82-2C4C-4E56-BFD1-4824CDD577F0}
		{6D439092-36AE-460B-BEE3-9212035972A0} = {6D439092-36AE-460B-BEE3-9212035972A0}
		{06F4C1A7-DEC3-477A-BD8C-3ABB76581415} = {06F4C1A7-DEC3-477A-BD8C-3ABB76581415}
		{40EC4CA9-564C-4DF4-B5BF-47B86CF3AB6A} = {40EC4CA9-564C-4DF4-B5BF-47B86CF3AB6A}
		{C307A7B3-3198-4825-96C8-3B2F5E63AEB3} = {C307A7B3-3198-4825-96C8-3B2F5E63AEB3}
		{2616F7D4-1C04-497E-A43D-40C7A63C8DDA} = {2616F7D4-1C04-497E-A43D-40C7A63C8DDA}
		{7FE5E9E1-1FD4-415B-BF59-B65D835BF8DD} = {7FE5E9E1-1FD4-415B-BF59-B65D835BF8DD}
		{8E5B7EFB-3F83-4ED8-B8E9-30D58847019B} = {8E5B7EFB-3F83-4ED8-B8E9-30D58847019B}
	EndProjectSection
EndProject
Project("{8BC9CEB8-8B4A-11D0-8D11-00A0C91BC942}") = "OMADRMCommon", "..\..\..\OMADRM\OMADRMCommon\OMADRMCommon.vcproj", "{748DA76F-8447-426F-BEDE-433EB6D65B14}"
	ProjectSection(ProjectDependencies) = postProject
	EndProjectSection
EndProject
Project("{8BC9CEB8-8B4A-11D0-8D11-00A0C91BC942}") = "OMADRMCrypto", "..\..\..\OMADRM\OMADRMCrypto\OMADRMCrypto.vcproj", "{CE96F15D-E50A-4DE1-BD4D-5E7B5273FDBD}"
	ProjectSection(ProjectDependencies) = postProject
	EndProjectSection
EndProject
Project("{8BC9CEB8-8B4A-11D0-8D11-00A0C91BC942}") = "OMADRMDecCommHandlerFactory", "..\..\..\DRMDecoderPlugin\OMADRMDecCommHandlerFactory\OMADRMDecCommHandlerFactory.vcproj", "{7D451C84-213E-45DD-97F8-9ED6F66D1688}"
	ProjectSection(ProjectDependencies) = postProject
		{600CA01E-DCBB-47FD-A650-8517AC54697F} = {600CA01E-DCBB-47FD-A650-8517AC54697F}
		{53F8083C-FADD-4537-B60C-99D12A1657E5} = {53F8083C-FADD-4537-B60C-99D12A1657E5}
		{0807D2D8-A74C-4648-954F-62BC4439228C} = {0807D2D8-A74C-4648-954F-62BC4439228C}
		{7FE5E9E1-1FD4-415B-BF59-B65D835BF8DD} = {7FE5E9E1-1FD4-415B-BF59-B65D835BF8DD}
		{AF152FE3-D588-4A22-B605-DEBD6BE21BEC} = {AF152FE3-D588-4A22-B605-DEBD6BE21BEC}
	EndProjectSection
EndProject
Project("{8BC9CEB8-8B4A-11D0-8D11-00A0C91BC942}") = "OMADRMDecManagerFactory", "..\..\..\DRMDecoderPlugin\OMADRMDecManagerFactory\OMADRMDecManagerFactory.vcproj", "{1405C133-BCB1-46BF-AD70-04770EAC8EF6}"
	ProjectSection(ProjectDependencies) = postProject
		{600CA01E-DCBB-47FD-A650-8517AC54697F} = {600CA01E-DCBB-47FD-A650-8517AC54697F}
		{53F8083C-FADD-4537-B60C-99D12A1657E5} = {53F8083C-FADD-4537-B60C-99D12A1657E5}
		{A1383C45-0293-40B3-9052-2C397C98156E} = {A1383C45-0293-40B3-9052-2C397C98156E}
		{CE96F15D-E50A-4DE1-BD4D-5E7B5273FDBD} = {CE96F15D-E50A-4DE1-BD4D-5E7B5273FDBD}
		{3235CE63-A661-456C-AD33-C0662286EA01} = {3235CE63-A661-456C-AD33-C0662286EA01}
		{748DA76F-8447-426F-BEDE-433EB6D65B14} = {748DA76F-8447-426F-BEDE-433EB6D65B14}
		{7D451C84-213E-45DD-97F8-9ED6F66D1688} = {7D451C84-213E-45DD-97F8-9ED6F66D1688}
		{46AA5F91-3D5A-4842-871A-395DE0588442} = {46AA5F91-3D5A-4842-871A-395DE0588442}
		{B2E26792-6078-465B-9CBA-EC923215808A} = {B2E26792-6078-465B-9CBA-EC923215808A}
		{2616F7D4-1C04-497E-A43D-40C7A63C8DDA} = {2616F7D4-1C04-497E-A43D-40C7A63C8DDA}
		{0807D2D8-A74C-4648-954F-62BC4439228C} = {0807D2D8-A74C-4648-954F-62BC4439228C}
		{7FE5E9E1-1FD4-415B-BF59-B65D835BF8DD} = {7FE5E9E1-1FD4-415B-BF59-B65D835BF8DD}
	EndProjectSection
EndProject
Project("{8BC9CEB8-8B4A-11D0-8D11-00A0C91BC942}") = "OMADRMEncCommHandlerFactory", "..\..\..\DRMEncoderPlugin\OMADRMEncCommHandlerFactory\OMADRMEncCommHandlerFactory.vcproj", "{33D07DDA-B484-46B7-8865-1D8640F6C2B3}"
	ProjectSection(ProjectDependencies) = postProject
		{600CA01E-DCBB-47FD-A650-8517AC54697F} = {600CA01E-DCBB-47FD-A650-8517AC54697F}
		{53F8083C-FADD-4537-B60C-99D12A1657E5} = {53F8083C-FADD-4537-B60C-99D12A1657E5}
		{EEB222AC-A2E8-432F-AF6A-8D1F79C3C8EC} = {EEB222AC-A2E8-432F-AF6A-8D1F79C3C8EC}
		{0807D2D8-A74C-4648-954F-62BC4439228C} = {0807D2D8-A74C-4648-954F-62BC4439228C}
		{7FE5E9E1-1FD4-415B-BF59-B65D835BF8DD} = {7FE5E9E1-1FD4-415B-BF59-B65D835BF8DD}
	EndProjectSection
EndProject
Project("{8BC9CEB8-8B4A-11D0-8D11-00A0C91BC942}") = "OMADRMEncManagerFactory", "..\..\..\DRMEncoderPlugin\OMADRMEncManagerFactory\OMADRMEncManagerFactory.vcproj", "{A9F7213F-E22C-4B84-AF7F-912230DE25B4}"
	ProjectSection(ProjectDependencies) = postProject
		{600CA01E-DCBB-47FD-A650-8517AC54697F} = {600CA01E-DCBB-47FD-A650-8517AC54697F}
		{53F8083C-FADD-4537-B60C-99D12A1657E5} = {53F8083C-FADD-4537-B60C-99D12A1657E5}
		{A1383C45-0293-40B3-9052-2C397C98156E} = {A1383C45-0293-40B3-9052-2C397C98156E}
		{CE96F15D-E50A-4DE1-BD4D-5E7B5273FDBD} = {CE96F15D-E50A-4DE1-BD4D-5E7B5273FDBD}
		{3235CE63-A661-456C-AD33-C0662286EA01} = {3235CE63-A661-456C-AD33-C0662286EA01}
		{748DA76F-8447-426F-BEDE-433EB6D65B14} = {748DA76F-8447-426F-BEDE-433EB6D65B14}
		{46AA5F91-3D5A-4842-871A-395DE0588442} = {46AA5F91-3D5A-4842-871A-395DE0588442}
		{B2E26792-6078-465B-9CBA-EC923215808A} = {B2E26792-6078-465B-9CBA-EC923215808A}
		{33D07DDA-B484-46B7-8865-1D8640F6C2B3} = {33D07DDA-B484-46B7-8865-1D8640F6C2B3}
	EndProjectSection
EndProject
Project("{8BC9CEB8-8B4A-11D0-8D11-00A0C91BC942}") = "OMADRMMQDecCommHandler", "..\..\..\OMADRM\Test\OMADRMMQDecCommHandler\OMADRMMQDecCommHandler.vcproj", "{AF152FE3-D588-4A22-B605-DEBD6BE21BEC}"
	ProjectSection(ProjectDependencies) = postProject
		{CE96F15D-E50A-4DE1-BD4D-5E7B5273FDBD} = {CE96F15D-E50A-4DE1-BD4D-5E7B5273FDBD}
		{3235CE63-A661-456C-AD33-C0662286EA01} = {3235CE63-A661-456C-AD33-C0662286EA01}
		{748DA76F-8447-426F-BEDE-433EB6D65B14} = {748DA76F-8447-426F-BEDE-433EB6D65B14}
		{A4DE21AF-2519-40DA-A61E-037DB283FFA7} = {A4DE21AF-2519-40DA-A61E-037DB283FFA7}
		{2616F7D4-1C04-497E-A43D-40C7A63C8DDA} = {2616F7D4-1C04-497E-A43D-40C7A63C8DDA}
	EndProjectSection
EndProject
Project("{8BC9CEB8-8B4A-11D0-8D11-00A0C91BC942}") = "OMADRMMQEncCommHandler", "..\..\..\OMADRM\Test\OMADRMMQEncCommHandler\OMADRMMQEncCommHandler.vcproj", "{EEB222AC-A2E8-432F-AF6A-8D1F79C3C8EC}"
	ProjectSection(ProjectDependencies) = postProject
		{CE96F15D-E50A-4DE1-BD4D-5E7B5273FDBD} = {CE96F15D-E50A-4DE1-BD4D-5E7B5273FDBD}
		{3235CE63-A661-456C-AD33-C0662286EA01} = {3235CE63-A661-456C-AD33-C0662286EA01}
		{748DA76F-8447-426F-BEDE-433EB6D65B14} = {748DA76F-8447-426F-BEDE-433EB6D65B14}
		{A4DE21AF-2519-40DA-A61E-037DB283FFA7} = {A4DE21AF-2519-40DA-A61E-037DB283FFA7}
		{2616F7D4-1C04-497E-A43D-40C7A63C8DDA} = {2616F7D4-1C04-497E-A43D-40C7A63C8DDA}
	EndProjectSection
EndProject
Project("{8BC9CEB8-8B4A-11D0-8D11-00A0C91BC942}") = "OMADRMServer", "..\..\..\OMADRM\Test\OMADRMServer\OMADRMServer.vcproj", "{A4DE21AF-2519-40DA-A61E-037DB283FFA7}"
	ProjectSection(ProjectDependencies) = postProject
	EndProjectSection
EndProject
Project("{8BC9CEB8-8B4A-11D0-8D11-00A0C91BC942}") = "OMAMPEG4SinfDRMEncryptor", "..\MPEG4SinfDRMEncoderPlugin\OMAMPEG4SinfDRMEncryptor\OMAMPEG4SinfDRMEncryptor.vcproj", "{ABC8FD13-4F83-4C3A-AB1B-562DCC3321C3}"
	ProjectSection(ProjectDependencies) = postProject
	EndProjectSection
EndProject
Project("{8BC9CEB8-8B4A-11D0-8D11-00A0C91BC942}") = "OpenIPMPDRMDecManagerFactory", "..\..\..\DRMDECODERPLUGIN\OpenIPMPDRMDecManagerFactory\OpenIPMPDRMDecManagerFactory.vcproj", "{06F4C1A7-DEC3-477A-BD8C-3ABB76581415}"
	ProjectSection(ProjectDependencies) = postProject
		{A1383C45-0293-40B3-9052-2C397C98156E} = {A1383C45-0293-40B3-9052-2C397C98156E}
		{46AA5F91-3D5A-4842-871A-395DE0588442} = {46AA5F91-3D5A-4842-871A-395DE0588442}
		{B2E26792-6078-465B-9CBA-EC923215808A} = {B2E26792-6078-465B-9CBA-EC923215808A}
	EndProjectSection
EndProject
Project("{8BC9CEB8-8B4A-11D0-8D11-00A0C91BC942}") = "OpenIPMPDRMEncManagerFactory", "..\..\..\DRMENCODERPLUGIN\OpenIPMPDRMEncManagerFactory\OpenIPMPDRMEncManagerFactory.vcproj", "{C307A7B3-3198-4825-96C8-3B2F5E63AEB3}"
	ProjectSection(ProjectDependencies) = postProject
		{A1383C45-0293-40B3-9052-2C397C98156E} = {A1383C45-0293-40B3-9052-2C397C98156E}
		{46AA5F91-3D5A-4842-871A-395DE0588442} = {46AA5F91-3D5A-4842-871A-395DE0588442}
		{B2E26792-6078-465B-9CBA-EC923215808A} = {B2E26792-6078-465B-9CBA-EC923215808A}
	EndProjectSection
EndProject
Project("{8BC9CEB8-8B4A-11D0-8D11-00A0C91BC942}") = "OpenIPMPKeyManager", "..\..\..\OpenIPMPKeyManager\OpenIPMPKeyManager.vcproj", "{46AA5F91-3D5A-4842-871A-395DE0588442}"
	ProjectSection(ProjectDependencies) = postProject
	EndProjectSection
EndProject
Project("{8BC9CEB8-8B4A-11D0-8D11-00A0C91BC942}") = "OpenIPMPMPEG4SinfDRMEncryptor", "..\MPEG4SinfDRMEncoderPlugin\OpenIPMPMPEG4SinfDRMEncryptor\OpenIPMPMPEG4SinfDRMEncryptor.vcproj", "{DF042A7B-7FC2-4C51-A845-9070E45249FA}"
	ProjectSection(ProjectDependencies) = postProject
	EndProjectSection
EndProject
Project("{8BC9CEB8-8B4A-11D0-8D11-00A0C91BC942}") = "OpenIPMPMessengerFactory", "..\..\..\OpenIPMPMessengerFactory\OpenIPMPMessengerFactory.vcproj", "{A1383C45-0293-40B3-9052-2C397C98156E}"
	ProjectSection(ProjectDependencies) = postProject
		{600CA01E-DCBB-47FD-A650-8517AC54697F} = {600CA01E-DCBB-47FD-A650-8517AC54697F}
		{716E67C5-C7A3-410D-85B3-96865BAE1378} = {716E67C5-C7A3-410D-85B3-96865BAE1378}
		{226986C6-F414-42E7-BA83-E5FCDAF2031B} = {226986C6-F414-42E7-BA83-E5FCDAF2031B}
	EndProjectSection
EndProject
Project("{8BC9CEB8-8B4A-11D0-8D11-00A0C91BC942}") = "PublicCryptoFactory", "..\..\..\PublicCryptoFactory\PublicCryptoFactory.vcproj", "{2616F7D4-1C04-497E-A43D-40C7A63C8DDA}"
	ProjectSection(ProjectDependencies) = postProject
	EndProjectSection
EndProject
Project("{8BC9CEB8-8B4A-11D0-8D11-00A0C91BC942}") = "ROAP", "..\..\..\OMADRM\ROAP\ROAP.vcproj", "{53F8083C-FADD-4537-B60C-99D12A1657E5}"
	ProjectSection(ProjectDependencies) = postProject
	EndProjectSection
EndProject
Project("{8BC9CEB8-8B4A-11D0-8D11-00A0C91BC942}") = "ROAPParser", "..\..\..\OMADRM\ROAPParser\ROAPParser.vcproj", "{0807D2D8-A74C-4648-954F-62BC4439228C}"
	ProjectSection(ProjectDependencies) = postProject
	EndProjectSection
EndProject
Project("{8BC9CEB8-8B4A-11D0-8D11-00A0C91BC942}") = "ThreadSyncFactory", "..\..\..\ThreadSyncFactory\ThreadSyncFactory.vcproj", "{600CA01E-DCBB-47FD-A650-8517AC54697F}"
	ProjectSection(ProjectDependencies) = postProject
	EndProjectSection
EndProject
Project("{8BC9CEB8-8B4A-11D0-8D11-00A0C91BC942}") = "XMLFactory", "..\..\..\XMLFactory\XMLFactory.vcproj", "{7FE5E9E1-1FD4-415B-BF59-B65D835BF8DD}"
	ProjectSection(ProjectDependencies) = postProject
	EndProjectSection
EndProject
Project("{8BC9CEB8-8B4A-11D0-8D11-00A0C91BC942}") = "openipmp", "..\..\..\openIPMP\openipmp.vcproj", "{226986C6-F414-42E7-BA83-E5FCDAF2031B}"
	ProjectSection(ProjectDependencies) = postProject
	EndProjectSection
EndProject
Project("{8BC9CEB8-8B4A-11D0-8D11-00A0C91BC942}") = "squashxml", "..\..\..\squashxml\squashxml.vcproj", "{716E67C5-C7A3-410D-85B3-96865BAE1378}"
	ProjectSection(ProjectDependencies) = postProject
	EndProjectSection
EndProject
Project("{8BC9CEB8-8B4A-11D0-8D11-00A0C91BC942}") = "OMADRMDeviceIDCalc", "..\..\..\OMADRM\OMADRMDeviceIDCalc\OMADRMDeviceIDCalc.vcproj", "{A1609F08-0BF1-48D8-ABC4-B3ECCC4FCF15}"
	ProjectSection(ProjectDependencies) = postProject
		{53F8083C-FADD-4537-B60C-99D12A1657E5} = {53F8083C-FADD-4537-B60C-99D12A1657E5}
		{CE96F15D-E50A-4DE1-BD4D-5E7B5273FDBD} = {CE96F15D-E50A-4DE1-BD4D-5E7B5273FDBD}
		{3235CE63-A661-456C-AD33-C0662286EA01} = {3235CE63-A661-456C-AD33-C0662286EA01}
		{2616F7D4-1C04-497E-A43D-40C7A63C8DDA} = {2616F7D4-1C04-497E-A43D-40C7A63C8DDA}
	EndProjectSection
EndProject
Global
	GlobalSection(SolutionConfiguration) = preSolution
		Debug = Debug
		Release = Release
	EndGlobalSection
	GlobalSection(ProjectConfiguration) = postSolution
		{3235CE63-A661-456C-AD33-C0662286EA01}.Debug.ActiveCfg = Debug|Win32
		{3235CE63-A661-456C-AD33-C0662286EA01}.Debug.Build.0 = Debug|Win32
		{3235CE63-A661-456C-AD33-C0662286EA01}.Release.ActiveCfg = Release|Win32
		{3235CE63-A661-456C-AD33-C0662286EA01}.Release.Build.0 = Release|Win32
		{B2E26792-6078-465B-9CBA-EC923215808A}.Debug.ActiveCfg = Debug|Win32
		{B2E26792-6078-465B-9CBA-EC923215808A}.Debug.Build.0 = Debug|Win32
		{B2E26792-6078-465B-9CBA-EC923215808A}.Release.ActiveCfg = Release|Win32
		{B2E26792-6078-465B-9CBA-EC923215808A}.Release.Build.0 = Release|Win32
		{6D439092-36AE-460B-BEE3-9212035972A0}.Debug.ActiveCfg = Debug|Win32
		{6D439092-36AE-460B-BEE3-9212035972A0}.Debug.Build.0 = Debug|Win32
		{6D439092-36AE-460B-BEE3-9212035972A0}.Release.ActiveCfg = Release|Win32
		{6D439092-36AE-460B-BEE3-9212035972A0}.Release.Build.0 = Release|Win32
		{40EC4CA9-564C-4DF4-B5BF-47B86CF3AB6A}.Debug.ActiveCfg = Debug|Win32
		{40EC4CA9-564C-4DF4-B5BF-47B86CF3AB6A}.Debug.Build.0 = Debug|Win32
		{40EC4CA9-564C-4DF4-B5BF-47B86CF3AB6A}.Release.ActiveCfg = Release|Win32
		{40EC4CA9-564C-4DF4-B5BF-47B86CF3AB6A}.Release.Build.0 = Release|Win32
		{8E5B7EFB-3F83-4ED8-B8E9-30D58847019B}.Debug.ActiveCfg = Debug|Win32
		{8E5B7EFB-3F83-4ED8-B8E9-30D58847019B}.Debug.Build.0 = Debug|Win32
		{8E5B7EFB-3F83-4ED8-B8E9-30D58847019B}.Release.ActiveCfg = Release|Win32
		{8E5B7EFB-3F83-4ED8-B8E9-30D58847019B}.Release.Build.0 = Release|Win32
		{96733E82-2C4C-4E56-BFD1-4824CDD577F0}.Debug.ActiveCfg = Debug|Win32
		{96733E82-2C4C-4E56-BFD1-4824CDD577F0}.Debug.Build.0 = Debug|Win32
		{96733E82-2C4C-4E56-BFD1-4824CDD577F0}.Release.ActiveCfg = Release|Win32
		{96733E82-2C4C-4E56-BFD1-4824CDD577F0}.Release.Build.0 = Release|Win32
		{7ADCD805-C32C-49E1-92CF-DE4E5FB913F1}.Debug.ActiveCfg = Debug|Win32
		{7ADCD805-C32C-49E1-92CF-DE4E5FB913F1}.Debug.Build.0 = Debug|Win32
		{7ADCD805-C32C-49E1-92CF-DE4E5FB913F1}.Release.ActiveCfg = Release|Win32
		{7ADCD805-C32C-49E1-92CF-DE4E5FB913F1}.Release.Build.0 = Release|Win32
		{59EDB294-7581-4890-AB97-C0222CEEF442}.Debug.ActiveCfg = Debug|Win32
		{59EDB294-7581-4890-AB97-C0222CEEF442}.Debug.Build.0 = Debug|Win32
		{59EDB294-7581-4890-AB97-C0222CEEF442}.Release.ActiveCfg = Release|Win32
		{59EDB294-7581-4890-AB97-C0222CEEF442}.Release.Build.0 = Release|Win32
		{748DA76F-8447-426F-BEDE-433EB6D65B14}.Debug.ActiveCfg = Debug|Win32
		{748DA76F-8447-426F-BEDE-433EB6D65B14}.Debug.Build.0 = Debug|Win32
		{748DA76F-8447-426F-BEDE-433EB6D65B14}.Release.ActiveCfg = Release|Win32
		{748DA76F-8447-426F-BEDE-433EB6D65B14}.Release.Build.0 = Release|Win32
		{CE96F15D-E50A-4DE1-BD4D-5E7B5273FDBD}.Debug.ActiveCfg = Debug|Win32
		{CE96F15D-E50A-4DE1-BD4D-5E7B5273FDBD}.Debug.Build.0 = Debug|Win32
		{CE96F15D-E50A-4DE1-BD4D-5E7B5273FDBD}.Release.ActiveCfg = Release|Win32
		{CE96F15D-E50A-4DE1-BD4D-5E7B5273FDBD}.Release.Build.0 = Release|Win32
		{7D451C84-213E-45DD-97F8-9ED6F66D1688}.Debug.ActiveCfg = Debug|Win32
		{7D451C84-213E-45DD-97F8-9ED6F66D1688}.Debug.Build.0 = Debug|Win32
		{7D451C84-213E-45DD-97F8-9ED6F66D1688}.Release.ActiveCfg = Release|Win32
		{7D451C84-213E-45DD-97F8-9ED6F66D1688}.Release.Build.0 = Release|Win32
		{1405C133-BCB1-46BF-AD70-04770EAC8EF6}.Debug.ActiveCfg = Debug|Win32
		{1405C133-BCB1-46BF-AD70-04770EAC8EF6}.Debug.Build.0 = Debug|Win32
		{1405C133-BCB1-46BF-AD70-04770EAC8EF6}.Release.ActiveCfg = Release|Win32
		{1405C133-BCB1-46BF-AD70-04770EAC8EF6}.Release.Build.0 = Release|Win32
		{33D07DDA-B484-46B7-8865-1D8640F6C2B3}.Debug.ActiveCfg = Debug|Win32
		{33D07DDA-B484-46B7-8865-1D8640F6C2B3}.Debug.Build.0 = Debug|Win32
		{33D07DDA-B484-46B7-8865-1D8640F6C2B3}.Release.ActiveCfg = Release|Win32
		{33D07DDA-B484-46B7-8865-1D8640F6C2B3}.Release.Build.0 = Release|Win32
		{A9F7213F-E22C-4B84-AF7F-912230DE25B4}.Debug.ActiveCfg = Debug|Win32
		{A9F7213F-E22C-4B84-AF7F-912230DE25B4}.Debug.Build.0 = Debug|Win32
		{A9F7213F-E22C-4B84-AF7F-912230DE25B4}.Release.ActiveCfg = Release|Win32
		{A9F7213F-E22C-4B84-AF7F-912230DE25B4}.Release.Build.0 = Release|Win32
		{AF152FE3-D588-4A22-B605-DEBD6BE21BEC}.Debug.ActiveCfg = Debug|Win32
		{AF152FE3-D588-4A22-B605-DEBD6BE21BEC}.Debug.Build.0 = Debug|Win32
		{AF152FE3-D588-4A22-B605-DEBD6BE21BEC}.Release.ActiveCfg = Release|Win32
		{AF152FE3-D588-4A22-B605-DEBD6BE21BEC}.Release.Build.0 = Release|Win32
		{EEB222AC-A2E8-432F-AF6A-8D1F79C3C8EC}.Debug.ActiveCfg = Debug|Win32
		{EEB222AC-A2E8-432F-AF6A-8D1F79C3C8EC}.Debug.Build.0 = Debug|Win32
		{EEB222AC-A2E8-432F-AF6A-8D1F79C3C8EC}.Release.ActiveCfg = Release|Win32
		{EEB222AC-A2E8-432F-AF6A-8D1F79C3C8EC}.Release.Build.0 = Release|Win32
		{A4DE21AF-2519-40DA-A61E-037DB283FFA7}.Debug.ActiveCfg = Debug|Win32
		{A4DE21AF-2519-40DA-A61E-037DB283FFA7}.Debug.Build.0 = Debug|Win32
		{A4DE21AF-2519-40DA-A61E-037DB283FFA7}.Release.ActiveCfg = Release|Win32
		{A4DE21AF-2519-40DA-A61E-037DB283FFA7}.Release.Build.0 = Release|Win32
		{ABC8FD13-4F83-4C3A-AB1B-562DCC3321C3}.Debug.ActiveCfg = Debug|Win32
		{ABC8FD13-4F83-4C3A-AB1B-562DCC3321C3}.Debug.Build.0 = Debug|Win32
		{ABC8FD13-4F83-4C3A-AB1B-562DCC3321C3}.Release.ActiveCfg = Release|Win32
		{ABC8FD13-4F83-4C3A-AB1B-562DCC3321C3}.Release.Build.0 = Release|Win32
		{06F4C1A7-DEC3-477A-BD8C-3ABB76581415}.Debug.ActiveCfg = Debug|Win32
		{06F4C1A7-DEC3-477A-BD8C-3ABB76581415}.Debug.Build.0 = Debug|Win32
		{06F4C1A7-DEC3-477A-BD8C-3ABB76581415}.Release.ActiveCfg = Release|Win32
		{06F4C1A7-DEC3-477A-BD8C-3ABB76581415}.Release.Build.0 = Release|Win32
		{C307A7B3-3198-4825-96C8-3B2F5E63AEB3}.Debug.ActiveCfg = Debug|Win32
		{C307A7B3-3198-4825-96C8-3B2F5E63AEB3}.Debug.Build.0 = Debug|Win32
		{C307A7B3-3198-4825-96C8-3B2F5E63AEB3}.Release.ActiveCfg = Release|Win32
		{C307A7B3-3198-4825-96C8-3B2F5E63AEB3}.Release.Build.0 = Release|Win32
		{46AA5F91-3D5A-4842-871A-395DE0588442}.Debug.ActiveCfg = Debug|Win32
		{46AA5F91-3D5A-4842-871A-395DE0588442}.Debug.Build.0 = Debug|Win32
		{46AA5F91-3D5A-4842-871A-395DE0588442}.Release.ActiveCfg = Release|Win32
		{46AA5F91-3D5A-4842-871A-395DE0588442}.Release.Build.0 = Release|Win32
		{DF042A7B-7FC2-4C51-A845-9070E45249FA}.Debug.ActiveCfg = Debug|Win32
		{DF042A7B-7FC2-4C51-A845-9070E45249FA}.Debug.Build.0 = Debug|Win32
		{DF042A7B-7FC2-4C51-A845-9070E45249FA}.Release.ActiveCfg = Release|Win32
		{DF042A7B-7FC2-4C51-A845-9070E45249FA}.Release.Build.0 = Release|Win32
		{A1383C45-0293-40B3-9052-2C397C98156E}.Debug.ActiveCfg = Debug|Win32
		{A1383C45-0293-40B3-9052-2C397C98156E}.Debug.Build.0 = Debug|Win32
		{A1383C45-0293-40B3-9052-2C397C98156E}.Release.ActiveCfg = Release|Win32
		{A1383C45-0293-40B3-9052-2C397C98156E}.Release.Build.0 = Release|Win32
		{2616F7D4-1C04-497E-A43D-40C7A63C8DDA}.Debug.ActiveCfg = Debug|Win32
		{2616F7D4-1C04-497E-A43D-40C7A63C8DDA}.Debug.Build.0 = Debug|Win32
		{2616F7D4-1C04-497E-A43D-40C7A63C8DDA}.Release.ActiveCfg = Release|Win32
		{2616F7D4-1C04-497E-A43D-40C7A63C8DDA}.Release.Build.0 = Release|Win32
		{53F8083C-FADD-4537-B60C-99D12A1657E5}.Debug.ActiveCfg = Debug|Win32
		{53F8083C-FADD-4537-B60C-99D12A1657E5}.Debug.Build.0 = Debug|Win32
		{53F8083C-FADD-4537-B60C-99D12A1657E5}.Release.ActiveCfg = Release|Win32
		{53F8083C-FADD-4537-B60C-99D12A1657E5}.Release.Build.0 = Release|Win32
		{0807D2D8-A74C-4648-954F-62BC4439228C}.Debug.ActiveCfg = Debug|Win32
		{0807D2D8-A74C-4648-954F-62BC4439228C}.Debug.Build.0 = Debug|Win32
		{0807D2D8-A74C-4648-954F-62BC4439228C}.Release.ActiveCfg = Release|Win32
		{0807D2D8-A74C-4648-954F-62BC4439228C}.Release.Build.0 = Release|Win32
		{600CA01E-DCBB-47FD-A650-8517AC54697F}.Debug.ActiveCfg = Debug|Win32
		{600CA01E-DCBB-47FD-A650-8517AC54697F}.Debug.Build.0 = Debug|Win32
		{600CA01E-DCBB-47FD-A650-8517AC54697F}.Release.ActiveCfg = Release|Win32
		{600CA01E-DCBB-47FD-A650-8517AC54697F}.Release.Build.0 = Release|Win32
		{7FE5E9E1-1FD4-415B-BF59-B65D835BF8DD}.Debug.ActiveCfg = Debug|Win32
		{7FE5E9E1-1FD4-415B-BF59-B65D835BF8DD}.Debug.Build.0 = Debug|Win32
		{7FE5E9E1-1FD4-415B-BF59-B65D835BF8DD}.Release.ActiveCfg = Release|Win32
		{7FE5E9E1-1FD4-415B-BF59-B65D835BF8DD}.Release.Build.0 = Release|Win32
		{226986C6-F414-42E7-BA83-E5FCDAF2031B}.Debug.ActiveCfg = Debug|Win32
		{226986C6-F414-42E7-BA83-E5FCDAF2031B}.Debug.Build.0 = Debug|Win32
		{226986C6-F414-42E7-BA83-E5FCDAF2031B}.Release.ActiveCfg = Release|Win32
		{226986C6-F414-42E7-BA83-E5FCDAF2031B}.Release.Build.0 = Release|Win32
		{716E67C5-C7A3-410D-85B3-96865BAE1378}.Debug.ActiveCfg = Debug|Win32
		{716E67C5-C7A3-410D-85B3-96865BAE1378}.Debug.Build.0 = Debug|Win32
		{716E67C5-C7A3-410D-85B3-96865BAE1378}.Release.ActiveCfg = Release|Win32
		{716E67C5-C7A3-410D-85B3-96865BAE1378}.Release.Build.0 = Release|Win32
		{A1609F08-0BF1-48D8-ABC4-B3ECCC4FCF15}.Debug.ActiveCfg = Debug|Win32
		{A1609F08-0BF1-48D8-ABC4-B3ECCC4FCF15}.Debug.Build.0 = Debug|Win32
		{A1609F08-0BF1-48D8-ABC4-B3ECCC4FCF15}.Release.ActiveCfg = Release|Win32
		{A1609F08-0BF1-48D8-ABC4-B3ECCC4FCF15}.Release.Build.0 = Release|Win32
	EndGlobalSection
	GlobalSection(ExtensibilityGlobals) = postSolution
	EndGlobalSection
	GlobalSection(ExtensibilityAddIns) = postSolution
	EndGlobalSection
EndGlobal
