Microsoft Visual Studio Solution File, Format Version 8.00
Project("{8BC9CEB8-8B4A-11D0-8D11-00A0C91BC942}") = "Base64Factory", "..\Base64Factory\Base64Factory.vcproj", "{E76E3D97-70B1-4A1C-BEBA-A2FA0921B5E1}"
	ProjectSection(ProjectDependencies) = postProject
	EndProjectSection
EndProject
Project("{8BC9CEB8-8B4A-11D0-8D11-00A0C91BC942}") = "CipherFactory", "..\CipherFactory\CipherFactory.vcproj", "{8AE5BA9C-9DE7-4BDD-8039-060E4FF01FBB}"
	ProjectSection(ProjectDependencies) = postProject
	EndProjectSection
EndProject
Project("{8BC9CEB8-8B4A-11D0-8D11-00A0C91BC942}") = "ContentInfoManagerFactory", "..\DRMENCODERPLUGIN\ContentInfoManagerFactory\ContentInfoManagerFactory.vcproj", "{F363665C-EC81-45F0-A9BC-5B5B55447623}"
	ProjectSection(ProjectDependencies) = postProject
		{531EEAAA-6288-4A81-8771-CA82E7CD44F1} = {531EEAAA-6288-4A81-8771-CA82E7CD44F1}
	EndProjectSection
EndProject
Project("{8BC9CEB8-8B4A-11D0-8D11-00A0C91BC942}") = "DecryptorHolder", "..\MPEG4DRMPlugin\MPEG4SinfDRMPlugin\MPEG4SINFDRMDECODERPLUGIN\DecryptorHolder\DecryptorHolder.vcproj", "{FAC9DFA2-1861-4AAE-9446-C5D99DB7052F}"
	ProjectSection(ProjectDependencies) = postProject
	EndProjectSection
EndProject
Project("{8BC9CEB8-8B4A-11D0-8D11-00A0C91BC942}") = "ISMADRMDecManagerFactory", "..\DRMDECODERPLUGIN\ISMADRMDecManagerFactory\ISMADRMDecManagerFactory.vcproj", "{CD8BF6B5-E241-45BC-BFF2-9609E9B74D5D}"
	ProjectSection(ProjectDependencies) = postProject
		{531EEAAA-6288-4A81-8771-CA82E7CD44F1} = {531EEAAA-6288-4A81-8771-CA82E7CD44F1}
		{8AE5BA9C-9DE7-4BDD-8039-060E4FF01FBB} = {8AE5BA9C-9DE7-4BDD-8039-060E4FF01FBB}
		{5E6389BF-079D-4F58-B997-0155A98508E3} = {5E6389BF-079D-4F58-B997-0155A98508E3}
	EndProjectSection
EndProject
Project("{8BC9CEB8-8B4A-11D0-8D11-00A0C91BC942}") = "ISMADRMEncManagerFactory", "..\DRMENCODERPLUGIN\ISMADRMEncManagerFactory\ISMADRMEncManagerFactory.vcproj", "{C0458694-CA0C-4355-B7EB-0B6EE60C5E27}"
	ProjectSection(ProjectDependencies) = postProject
		{531EEAAA-6288-4A81-8771-CA82E7CD44F1} = {531EEAAA-6288-4A81-8771-CA82E7CD44F1}
		{8AE5BA9C-9DE7-4BDD-8039-060E4FF01FBB} = {8AE5BA9C-9DE7-4BDD-8039-060E4FF01FBB}
		{5E6389BF-079D-4F58-B997-0155A98508E3} = {5E6389BF-079D-4F58-B997-0155A98508E3}
	EndProjectSection
EndProject
Project("{8BC9CEB8-8B4A-11D0-8D11-00A0C91BC942}") = "ISMAMPEG4SinfDRMEncryptor", "..\MPEG4DRMPlugin\MPEG4SinfDRMPlugin\MPEG4SinfDRMEncoderPlugin\ISMAMPEG4SinfDRMEncryptor\ISMAMPEG4SinfDRMEncryptor.vcproj", "{F3C17DA8-D4D3-488B-8FB6-A37B067F2434}"
	ProjectSection(ProjectDependencies) = postProject
	EndProjectSection
EndProject
Project("{8BC9CEB8-8B4A-11D0-8D11-00A0C91BC942}") = "DRMPluginAll", "DRMPluginAll.vcproj", "{A4B901D6-9F34-492C-AA17-15CEE1A5741B}"
	ProjectSection(ProjectDependencies) = postProject
		{6C1B84B7-BBE4-4418-B801-029AB0A38014} = {6C1B84B7-BBE4-4418-B801-029AB0A38014}
		{5F8943E0-91F2-4B03-ADC8-55B28DF2A9EB} = {5F8943E0-91F2-4B03-ADC8-55B28DF2A9EB}
		{3CD13B02-21C3-4B42-94A7-CDC0E4411F13} = {3CD13B02-21C3-4B42-94A7-CDC0E4411F13}
		{6E6B299C-D31C-4892-8B6E-25F4C9D96F0E} = {6E6B299C-D31C-4892-8B6E-25F4C9D96F0E}
		{F704F1AE-A494-404B-A6B7-590658159759} = {F704F1AE-A494-404B-A6B7-590658159759}
		{2C938351-D5EF-4EEE-AB85-FBDF25CAAD37} = {2C938351-D5EF-4EEE-AB85-FBDF25CAAD37}
		{B574E481-4388-4EC5-ABB6-A3D9AFC082A2} = {B574E481-4388-4EC5-ABB6-A3D9AFC082A2}
		{20C0E35C-B23B-40E9-BDDF-339AF896172E} = {20C0E35C-B23B-40E9-BDDF-339AF896172E}
		{1A2620D8-6A8D-48E6-84B4-3995AD59A93C} = {1A2620D8-6A8D-48E6-84B4-3995AD59A93C}
		{01E0049C-B296-4F19-B6DF-758992D16A1E} = {01E0049C-B296-4F19-B6DF-758992D16A1E}
		{35935B15-08CA-4310-A577-A4A07A820EF0} = {35935B15-08CA-4310-A577-A4A07A820EF0}
		{61A84BEA-404A-4984-A0B5-D96AA70D1D39} = {61A84BEA-404A-4984-A0B5-D96AA70D1D39}
		{B4EC1E3F-C6C4-4925-AF19-27A9F8ABDCE8} = {B4EC1E3F-C6C4-4925-AF19-27A9F8ABDCE8}
		{513302D0-5DB3-4057-9337-E0AB7CC81E19} = {513302D0-5DB3-4057-9337-E0AB7CC81E19}
		{4C6CC9C3-7BCF-4C3A-8DD4-985EB4B71E6C} = {4C6CC9C3-7BCF-4C3A-8DD4-985EB4B71E6C}
		{4ED41B8A-1E9E-4DCC-B296-3139F362958C} = {4ED41B8A-1E9E-4DCC-B296-3139F362958C}
		{E49B27D3-56F6-4FC9-B9AA-E7769004C47C} = {E49B27D3-56F6-4FC9-B9AA-E7769004C47C}
		{28EF2510-4FEC-45F6-8C08-FA0157378B13} = {28EF2510-4FEC-45F6-8C08-FA0157378B13}
		{368CA003-8258-4F44-9EF5-0F87CAA614CC} = {368CA003-8258-4F44-9EF5-0F87CAA614CC}
		{E8DB8168-8BBD-4574-8F91-26CBE037EE13} = {E8DB8168-8BBD-4574-8F91-26CBE037EE13}
		{24F647A6-4FE5-4C85-B475-5AC5C2FFD9CA} = {24F647A6-4FE5-4C85-B475-5AC5C2FFD9CA}
		{F3C17DA8-D4D3-488B-8FB6-A37B067F2434} = {F3C17DA8-D4D3-488B-8FB6-A37B067F2434}
		{C0458694-CA0C-4355-B7EB-0B6EE60C5E27} = {C0458694-CA0C-4355-B7EB-0B6EE60C5E27}
		{CD8BF6B5-E241-45BC-BFF2-9609E9B74D5D} = {CD8BF6B5-E241-45BC-BFF2-9609E9B74D5D}
		{FAC9DFA2-1861-4AAE-9446-C5D99DB7052F} = {FAC9DFA2-1861-4AAE-9446-C5D99DB7052F}
		{F363665C-EC81-45F0-A9BC-5B5B55447623} = {F363665C-EC81-45F0-A9BC-5B5B55447623}
	EndProjectSection
EndProject
Project("{8BC9CEB8-8B4A-11D0-8D11-00A0C91BC942}") = "OMADRMCommon", "..\OMADRM\OMADRMCommon\OMADRMCommon.vcproj", "{8A6EDAB9-D240-493D-AFB7-B4033004AFB6}"
	ProjectSection(ProjectDependencies) = postProject
	EndProjectSection
EndProject
Project("{8BC9CEB8-8B4A-11D0-8D11-00A0C91BC942}") = "OMADRMCrypto", "..\OMADRM\OMADRMCrypto\OMADRMCrypto.vcproj", "{5D67AA1C-4915-4378-B474-AB7709EA8169}"
	ProjectSection(ProjectDependencies) = postProject
	EndProjectSection
EndProject
Project("{8BC9CEB8-8B4A-11D0-8D11-00A0C91BC942}") = "OMADRMDecCommHandlerFactory", "..\DRMDecoderPlugin\OMADRMDecCommHandlerFactory\OMADRMDecCommHandlerFactory.vcproj", "{F7B3F2FD-F99E-47E6-945D-57AB2487FF3B}"
	ProjectSection(ProjectDependencies) = postProject
		{513302D0-5DB3-4057-9337-E0AB7CC81E19} = {513302D0-5DB3-4057-9337-E0AB7CC81E19}
		{B4EC1E3F-C6C4-4925-AF19-27A9F8ABDCE8} = {B4EC1E3F-C6C4-4925-AF19-27A9F8ABDCE8}
		{6C8A7336-8164-49BA-9151-D68A3F1D7DB7} = {6C8A7336-8164-49BA-9151-D68A3F1D7DB7}
		{F2D58355-1F1F-41B6-B6EF-FCA03239BA39} = {F2D58355-1F1F-41B6-B6EF-FCA03239BA39}
		{5DCD89E0-3EF5-4826-BC96-8D4CC9A1EEEF} = {5DCD89E0-3EF5-4826-BC96-8D4CC9A1EEEF}
	EndProjectSection
EndProject
Project("{8BC9CEB8-8B4A-11D0-8D11-00A0C91BC942}") = "OMADRMDecManagerFactory", "..\DRMDecoderPlugin\OMADRMDecManagerFactory\OMADRMDecManagerFactory.vcproj", "{24F647A6-4FE5-4C85-B475-5AC5C2FFD9CA}"
	ProjectSection(ProjectDependencies) = postProject
		{531EEAAA-6288-4A81-8771-CA82E7CD44F1} = {531EEAAA-6288-4A81-8771-CA82E7CD44F1}
		{513302D0-5DB3-4057-9337-E0AB7CC81E19} = {513302D0-5DB3-4057-9337-E0AB7CC81E19}
		{5E6389BF-079D-4F58-B997-0155A98508E3} = {5E6389BF-079D-4F58-B997-0155A98508E3}
		{B4EC1E3F-C6C4-4925-AF19-27A9F8ABDCE8} = {B4EC1E3F-C6C4-4925-AF19-27A9F8ABDCE8}
		{6C8A7336-8164-49BA-9151-D68A3F1D7DB7} = {6C8A7336-8164-49BA-9151-D68A3F1D7DB7}
		{F2D58355-1F1F-41B6-B6EF-FCA03239BA39} = {F2D58355-1F1F-41B6-B6EF-FCA03239BA39}
		{4C6CC9C3-7BCF-4C3A-8DD4-985EB4B71E6C} = {4C6CC9C3-7BCF-4C3A-8DD4-985EB4B71E6C}
		{F7B3F2FD-F99E-47E6-945D-57AB2487FF3B} = {F7B3F2FD-F99E-47E6-945D-57AB2487FF3B}
		{5D67AA1C-4915-4378-B474-AB7709EA8169} = {5D67AA1C-4915-4378-B474-AB7709EA8169}
		{8A6EDAB9-D240-493D-AFB7-B4033004AFB6} = {8A6EDAB9-D240-493D-AFB7-B4033004AFB6}
		{8AE5BA9C-9DE7-4BDD-8039-060E4FF01FBB} = {8AE5BA9C-9DE7-4BDD-8039-060E4FF01FBB}
		{E76E3D97-70B1-4A1C-BEBA-A2FA0921B5E1} = {E76E3D97-70B1-4A1C-BEBA-A2FA0921B5E1}
	EndProjectSection
EndProject
Project("{8BC9CEB8-8B4A-11D0-8D11-00A0C91BC942}") = "OMADRMDeviceIDCalc", "..\OMADRM\OMADRMDeviceIDCalc\OMADRMDeviceIDCalc.vcproj", "{61A84BEA-404A-4984-A0B5-D96AA70D1D39}"
	ProjectSection(ProjectDependencies) = postProject
		{5D67AA1C-4915-4378-B474-AB7709EA8169} = {5D67AA1C-4915-4378-B474-AB7709EA8169}
		{F2D58355-1F1F-41B6-B6EF-FCA03239BA39} = {F2D58355-1F1F-41B6-B6EF-FCA03239BA39}
		{4C6CC9C3-7BCF-4C3A-8DD4-985EB4B71E6C} = {4C6CC9C3-7BCF-4C3A-8DD4-985EB4B71E6C}
		{E76E3D97-70B1-4A1C-BEBA-A2FA0921B5E1} = {E76E3D97-70B1-4A1C-BEBA-A2FA0921B5E1}
	EndProjectSection
EndProject
Project("{8BC9CEB8-8B4A-11D0-8D11-00A0C91BC942}") = "OMADRMEncCommHandlerFactory", "..\DRMEncoderPlugin\OMADRMEncCommHandlerFactory\OMADRMEncCommHandlerFactory.vcproj", "{98F7D975-B5CD-4C9E-BA13-B44C16691AA6}"
	ProjectSection(ProjectDependencies) = postProject
		{513302D0-5DB3-4057-9337-E0AB7CC81E19} = {513302D0-5DB3-4057-9337-E0AB7CC81E19}
		{B4EC1E3F-C6C4-4925-AF19-27A9F8ABDCE8} = {B4EC1E3F-C6C4-4925-AF19-27A9F8ABDCE8}
		{6C8A7336-8164-49BA-9151-D68A3F1D7DB7} = {6C8A7336-8164-49BA-9151-D68A3F1D7DB7}
		{F2D58355-1F1F-41B6-B6EF-FCA03239BA39} = {F2D58355-1F1F-41B6-B6EF-FCA03239BA39}
		{32E13BA4-7B76-4E1E-A0E4-CB3BF75B0128} = {32E13BA4-7B76-4E1E-A0E4-CB3BF75B0128}
	EndProjectSection
EndProject
Project("{8BC9CEB8-8B4A-11D0-8D11-00A0C91BC942}") = "OMADRMEncManagerFactory", "..\DRMEncoderPlugin\OMADRMEncManagerFactory\OMADRMEncManagerFactory.vcproj", "{E8DB8168-8BBD-4574-8F91-26CBE037EE13}"
	ProjectSection(ProjectDependencies) = postProject
		{531EEAAA-6288-4A81-8771-CA82E7CD44F1} = {531EEAAA-6288-4A81-8771-CA82E7CD44F1}
		{513302D0-5DB3-4057-9337-E0AB7CC81E19} = {513302D0-5DB3-4057-9337-E0AB7CC81E19}
		{F2D58355-1F1F-41B6-B6EF-FCA03239BA39} = {F2D58355-1F1F-41B6-B6EF-FCA03239BA39}
		{5D67AA1C-4915-4378-B474-AB7709EA8169} = {5D67AA1C-4915-4378-B474-AB7709EA8169}
		{8A6EDAB9-D240-493D-AFB7-B4033004AFB6} = {8A6EDAB9-D240-493D-AFB7-B4033004AFB6}
		{8AE5BA9C-9DE7-4BDD-8039-060E4FF01FBB} = {8AE5BA9C-9DE7-4BDD-8039-060E4FF01FBB}
		{E76E3D97-70B1-4A1C-BEBA-A2FA0921B5E1} = {E76E3D97-70B1-4A1C-BEBA-A2FA0921B5E1}
		{5E6389BF-079D-4F58-B997-0155A98508E3} = {5E6389BF-079D-4F58-B997-0155A98508E3}
		{98F7D975-B5CD-4C9E-BA13-B44C16691AA6} = {98F7D975-B5CD-4C9E-BA13-B44C16691AA6}
	EndProjectSection
EndProject
Project("{8BC9CEB8-8B4A-11D0-8D11-00A0C91BC942}") = "OMADRMMQDecCommHandler", "..\OMADRM\Test\OMADRMMQDecCommHandler\OMADRMMQDecCommHandler.vcproj", "{5DCD89E0-3EF5-4826-BC96-8D4CC9A1EEEF}"
	ProjectSection(ProjectDependencies) = postProject
		{4C6CC9C3-7BCF-4C3A-8DD4-985EB4B71E6C} = {4C6CC9C3-7BCF-4C3A-8DD4-985EB4B71E6C}
		{5D67AA1C-4915-4378-B474-AB7709EA8169} = {5D67AA1C-4915-4378-B474-AB7709EA8169}
		{8A6EDAB9-D240-493D-AFB7-B4033004AFB6} = {8A6EDAB9-D240-493D-AFB7-B4033004AFB6}
		{52AD02CC-AB1D-404F-B04E-4A5F855D3E06} = {52AD02CC-AB1D-404F-B04E-4A5F855D3E06}
		{E76E3D97-70B1-4A1C-BEBA-A2FA0921B5E1} = {E76E3D97-70B1-4A1C-BEBA-A2FA0921B5E1}
	EndProjectSection
EndProject
Project("{8BC9CEB8-8B4A-11D0-8D11-00A0C91BC942}") = "OMADRMMQEncCommHandler", "..\OMADRM\Test\OMADRMMQEncCommHandler\OMADRMMQEncCommHandler.vcproj", "{32E13BA4-7B76-4E1E-A0E4-CB3BF75B0128}"
	ProjectSection(ProjectDependencies) = postProject
		{4C6CC9C3-7BCF-4C3A-8DD4-985EB4B71E6C} = {4C6CC9C3-7BCF-4C3A-8DD4-985EB4B71E6C}
		{5D67AA1C-4915-4378-B474-AB7709EA8169} = {5D67AA1C-4915-4378-B474-AB7709EA8169}
		{8A6EDAB9-D240-493D-AFB7-B4033004AFB6} = {8A6EDAB9-D240-493D-AFB7-B4033004AFB6}
		{E76E3D97-70B1-4A1C-BEBA-A2FA0921B5E1} = {E76E3D97-70B1-4A1C-BEBA-A2FA0921B5E1}
		{52AD02CC-AB1D-404F-B04E-4A5F855D3E06} = {52AD02CC-AB1D-404F-B04E-4A5F855D3E06}
	EndProjectSection
EndProject
Project("{8BC9CEB8-8B4A-11D0-8D11-00A0C91BC942}") = "OMADRMServer", "..\OMADRM\Test\OMADRMServer\OMADRMServer.vcproj", "{52AD02CC-AB1D-404F-B04E-4A5F855D3E06}"
	ProjectSection(ProjectDependencies) = postProject
	EndProjectSection
EndProject
Project("{8BC9CEB8-8B4A-11D0-8D11-00A0C91BC942}") = "OMAMPEG4SinfDRMEncryptor", "..\MPEG4DRMPlugin\MPEG4SinfDRMPlugin\MPEG4SinfDRMEncoderPlugin\OMAMPEG4SinfDRMEncryptor\OMAMPEG4SinfDRMEncryptor.vcproj", "{368CA003-8258-4F44-9EF5-0F87CAA614CC}"
	ProjectSection(ProjectDependencies) = postProject
	EndProjectSection
EndProject
Project("{8BC9CEB8-8B4A-11D0-8D11-00A0C91BC942}") = "OpenIPMPDRMDecManagerFactory", "..\DRMDECODERPLUGIN\OpenIPMPDRMDecManagerFactory\OpenIPMPDRMDecManagerFactory.vcproj", "{28EF2510-4FEC-45F6-8C08-FA0157378B13}"
	ProjectSection(ProjectDependencies) = postProject
		{531EEAAA-6288-4A81-8771-CA82E7CD44F1} = {531EEAAA-6288-4A81-8771-CA82E7CD44F1}
		{8AE5BA9C-9DE7-4BDD-8039-060E4FF01FBB} = {8AE5BA9C-9DE7-4BDD-8039-060E4FF01FBB}
		{5E6389BF-079D-4F58-B997-0155A98508E3} = {5E6389BF-079D-4F58-B997-0155A98508E3}
	EndProjectSection
EndProject
Project("{8BC9CEB8-8B4A-11D0-8D11-00A0C91BC942}") = "OpenIPMPDRMEncManagerFactory", "..\DRMENCODERPLUGIN\OpenIPMPDRMEncManagerFactory\OpenIPMPDRMEncManagerFactory.vcproj", "{E49B27D3-56F6-4FC9-B9AA-E7769004C47C}"
	ProjectSection(ProjectDependencies) = postProject
		{531EEAAA-6288-4A81-8771-CA82E7CD44F1} = {531EEAAA-6288-4A81-8771-CA82E7CD44F1}
		{8AE5BA9C-9DE7-4BDD-8039-060E4FF01FBB} = {8AE5BA9C-9DE7-4BDD-8039-060E4FF01FBB}
		{5E6389BF-079D-4F58-B997-0155A98508E3} = {5E6389BF-079D-4F58-B997-0155A98508E3}
	EndProjectSection
EndProject
Project("{8BC9CEB8-8B4A-11D0-8D11-00A0C91BC942}") = "OpenIPMPKeyManager", "..\OpenIPMPKeyManager\OpenIPMPKeyManager.vcproj", "{5E6389BF-079D-4F58-B997-0155A98508E3}"
	ProjectSection(ProjectDependencies) = postProject
	EndProjectSection
EndProject
Project("{8BC9CEB8-8B4A-11D0-8D11-00A0C91BC942}") = "OpenIPMPMPEG4SinfDRMEncryptor", "..\MPEG4DRMPlugin\MPEG4SinfDRMPlugin\MPEG4SinfDRMEncoderPlugin\OpenIPMPMPEG4SinfDRMEncryptor\OpenIPMPMPEG4SinfDRMEncryptor.vcproj", "{4ED41B8A-1E9E-4DCC-B296-3139F362958C}"
	ProjectSection(ProjectDependencies) = postProject
	EndProjectSection
EndProject
Project("{8BC9CEB8-8B4A-11D0-8D11-00A0C91BC942}") = "OpenIPMPMessengerFactory", "..\OpenIPMPMessengerFactory\OpenIPMPMessengerFactory.vcproj", "{531EEAAA-6288-4A81-8771-CA82E7CD44F1}"
	ProjectSection(ProjectDependencies) = postProject
		{513302D0-5DB3-4057-9337-E0AB7CC81E19} = {513302D0-5DB3-4057-9337-E0AB7CC81E19}
		{FAD5A97D-A515-47AA-B2FA-6E18DABF5623} = {FAD5A97D-A515-47AA-B2FA-6E18DABF5623}
		{220AFD26-72C2-486A-B81A-28BC80700AB9} = {220AFD26-72C2-486A-B81A-28BC80700AB9}
	EndProjectSection
EndProject
Project("{8BC9CEB8-8B4A-11D0-8D11-00A0C91BC942}") = "PublicCryptoFactory", "..\PublicCryptoFactory\PublicCryptoFactory.vcproj", "{4C6CC9C3-7BCF-4C3A-8DD4-985EB4B71E6C}"
	ProjectSection(ProjectDependencies) = postProject
	EndProjectSection
EndProject
Project("{8BC9CEB8-8B4A-11D0-8D11-00A0C91BC942}") = "ROAP", "..\OMADRM\ROAP\ROAP.vcproj", "{F2D58355-1F1F-41B6-B6EF-FCA03239BA39}"
	ProjectSection(ProjectDependencies) = postProject
	EndProjectSection
EndProject
Project("{8BC9CEB8-8B4A-11D0-8D11-00A0C91BC942}") = "ROAPParser", "..\OMADRM\ROAPParser\ROAPParser.vcproj", "{6C8A7336-8164-49BA-9151-D68A3F1D7DB7}"
	ProjectSection(ProjectDependencies) = postProject
	EndProjectSection
EndProject
Project("{8BC9CEB8-8B4A-11D0-8D11-00A0C91BC942}") = "ThreadSyncFactory", "..\ThreadSyncFactory\ThreadSyncFactory.vcproj", "{513302D0-5DB3-4057-9337-E0AB7CC81E19}"
	ProjectSection(ProjectDependencies) = postProject
	EndProjectSection
EndProject
Project("{8BC9CEB8-8B4A-11D0-8D11-00A0C91BC942}") = "XMLFactory", "..\XMLFactory\XMLFactory.vcproj", "{B4EC1E3F-C6C4-4925-AF19-27A9F8ABDCE8}"
	ProjectSection(ProjectDependencies) = postProject
	EndProjectSection
EndProject
Project("{8BC9CEB8-8B4A-11D0-8D11-00A0C91BC942}") = "openipmp", "..\openIPMP\openipmp.vcproj", "{220AFD26-72C2-486A-B81A-28BC80700AB9}"
	ProjectSection(ProjectDependencies) = postProject
	EndProjectSection
EndProject
Project("{8BC9CEB8-8B4A-11D0-8D11-00A0C91BC942}") = "squashxml", "..\squashxml\squashxml.vcproj", "{FAD5A97D-A515-47AA-B2FA-6E18DABF5623}"
	ProjectSection(ProjectDependencies) = postProject
	EndProjectSection
EndProject
Project("{8BC9CEB8-8B4A-11D0-8D11-00A0C91BC942}") = "DecoderIPMPControlInfo", "..\MPEG2DRMPlugin\MPEG2IPMPXDRMPlugin\MPEG2IPMPXDRMDecoderPlugin\DecoderIPMPControlInfo\DecoderIPMPControlInfo.vcproj", "{35935B15-08CA-4310-A577-A4A07A820EF0}"
	ProjectSection(ProjectDependencies) = postProject
	EndProjectSection
EndProject
Project("{8BC9CEB8-8B4A-11D0-8D11-00A0C91BC942}") = "DecoderIPMPData", "..\MPEG2DRMPlugin\MPEG2IPMPXDRMPlugin\MPEG2IPMPXDRMDecoderPlugin\DecoderIPMPData\DecoderIPMPData.vcproj", "{01E0049C-B296-4F19-B6DF-758992D16A1E}"
	ProjectSection(ProjectDependencies) = postProject
	EndProjectSection
EndProject
Project("{8BC9CEB8-8B4A-11D0-8D11-00A0C91BC942}") = "IPMPControlInfo", "..\MPEG2DRMPlugin\MPEG2IPMPXDRMPlugin\IPMPControlInfo\IPMPControlInfo.vcproj", "{1A2620D8-6A8D-48E6-84B4-3995AD59A93C}"
	ProjectSection(ProjectDependencies) = postProject
	EndProjectSection
EndProject
Project("{8BC9CEB8-8B4A-11D0-8D11-00A0C91BC942}") = "IPMPControlInfoParser", "..\MPEG2DRMPlugin\MPEG2IPMPXDRMPlugin\MPEG2IPMPXDRMDecoderPlugin\IPMPControlInfoParser\IPMPControlInfoParser.vcproj", "{20C0E35C-B23B-40E9-BDDF-339AF896172E}"
	ProjectSection(ProjectDependencies) = postProject
	EndProjectSection
EndProject
Project("{8BC9CEB8-8B4A-11D0-8D11-00A0C91BC942}") = "IPMPCrypto", "..\MPEG2DRMPlugin\MPEG2IPMPXDRMPlugin\IPMPCrypto\IPMPCrypto.vcproj", "{B574E481-4388-4EC5-ABB6-A3D9AFC082A2}"
	ProjectSection(ProjectDependencies) = postProject
	EndProjectSection
EndProject
Project("{8BC9CEB8-8B4A-11D0-8D11-00A0C91BC942}") = "IPMPData", "..\MPEG2DRMPlugin\MPEG2IPMPXDRMPlugin\IPMPData\IPMPData.vcproj", "{2C938351-D5EF-4EEE-AB85-FBDF25CAAD37}"
	ProjectSection(ProjectDependencies) = postProject
	EndProjectSection
EndProject
Project("{8BC9CEB8-8B4A-11D0-8D11-00A0C91BC942}") = "IPMPDataParser", "..\MPEG2DRMPlugin\MPEG2IPMPXDRMPlugin\MPEG2IPMPXDRMDecoderPlugin\IPMPDataParser\IPMPDataParser.vcproj", "{F704F1AE-A494-404B-A6B7-590658159759}"
	ProjectSection(ProjectDependencies) = postProject
	EndProjectSection
EndProject
Project("{8BC9CEB8-8B4A-11D0-8D11-00A0C91BC942}") = "IPMPToolManager", "..\MPEG2DRMPlugin\MPEG2IPMPXDRMPlugin\MPEG2IPMPXDRMDecoderPlugin\IPMPToolManager\IPMPToolManager.vcproj", "{6E6B299C-D31C-4892-8B6E-25F4C9D96F0E}"
	ProjectSection(ProjectDependencies) = postProject
	EndProjectSection
EndProject
Project("{8BC9CEB8-8B4A-11D0-8D11-00A0C91BC942}") = "MPEG2IPMPXDRMEncoder", "..\MPEG2DRMPlugin\MPEG2IPMPXDRMPlugin\MPEG2IPMPXDRMEncoderPlugin\MPEG2IPMPXDRMEncoder\MPEG2IPMPXDRMEncoder.vcproj", "{5F8943E0-91F2-4B03-ADC8-55B28DF2A9EB}"
	ProjectSection(ProjectDependencies) = postProject
		{F363665C-EC81-45F0-A9BC-5B5B55447623} = {F363665C-EC81-45F0-A9BC-5B5B55447623}
		{E49B27D3-56F6-4FC9-B9AA-E7769004C47C} = {E49B27D3-56F6-4FC9-B9AA-E7769004C47C}
		{06CE0A25-38A4-4594-9E6A-29C2D5A4005D} = {06CE0A25-38A4-4594-9E6A-29C2D5A4005D}
	EndProjectSection
EndProject
Project("{8BC9CEB8-8B4A-11D0-8D11-00A0C91BC942}") = "MessageRouter", "..\MPEG2DRMPlugin\MPEG2IPMPXDRMPlugin\MPEG2IPMPXDRMDecoderPlugin\MessageRouter\MessageRouter.vcproj", "{3CD13B02-21C3-4B42-94A7-CDC0E4411F13}"
	ProjectSection(ProjectDependencies) = postProject
		{513302D0-5DB3-4057-9337-E0AB7CC81E19} = {513302D0-5DB3-4057-9337-E0AB7CC81E19}
	EndProjectSection
EndProject
Project("{8BC9CEB8-8B4A-11D0-8D11-00A0C91BC942}") = "OpenIPMPMPEG2IPMPXDRMEncryptor", "..\MPEG2DRMPlugin\MPEG2IPMPXDRMPlugin\MPEG2IPMPXDRMEncoderPlugin\OpenIPMPMPEG2IPMPXDRMEncryptor\OpenIPMPMPEG2IPMPXDRMEncryptor.vcproj", "{06CE0A25-38A4-4594-9E6A-29C2D5A4005D}"
	ProjectSection(ProjectDependencies) = postProject
		{2C938351-D5EF-4EEE-AB85-FBDF25CAAD37} = {2C938351-D5EF-4EEE-AB85-FBDF25CAAD37}
		{1A2620D8-6A8D-48E6-84B4-3995AD59A93C} = {1A2620D8-6A8D-48E6-84B4-3995AD59A93C}
	EndProjectSection
EndProject
Project("{8BC9CEB8-8B4A-11D0-8D11-00A0C91BC942}") = "OpenIPMPTool", "..\MPEG2DRMPlugin\MPEG2IPMPXDRMPlugin\MPEG2IPMPXDRMDecoderPlugin\OpenIPMPTool\OpenIPMPTool.vcproj", "{6C1B84B7-BBE4-4418-B801-029AB0A38014}"
	ProjectSection(ProjectDependencies) = postProject
		{513302D0-5DB3-4057-9337-E0AB7CC81E19} = {513302D0-5DB3-4057-9337-E0AB7CC81E19}
		{28EF2510-4FEC-45F6-8C08-FA0157378B13} = {28EF2510-4FEC-45F6-8C08-FA0157378B13}
		{B4EC1E3F-C6C4-4925-AF19-27A9F8ABDCE8} = {B4EC1E3F-C6C4-4925-AF19-27A9F8ABDCE8}
		{3CD13B02-21C3-4B42-94A7-CDC0E4411F13} = {3CD13B02-21C3-4B42-94A7-CDC0E4411F13}
		{F704F1AE-A494-404B-A6B7-590658159759} = {F704F1AE-A494-404B-A6B7-590658159759}
		{B574E481-4388-4EC5-ABB6-A3D9AFC082A2} = {B574E481-4388-4EC5-ABB6-A3D9AFC082A2}
		{2C938351-D5EF-4EEE-AB85-FBDF25CAAD37} = {2C938351-D5EF-4EEE-AB85-FBDF25CAAD37}
	EndProjectSection
EndProject
Global
	GlobalSection(SolutionConfiguration) = preSolution
		Debug = Debug
		Release = Release
	EndGlobalSection
	GlobalSection(ProjectConfiguration) = postSolution
		{E76E3D97-70B1-4A1C-BEBA-A2FA0921B5E1}.Debug.ActiveCfg = Debug|Win32
		{E76E3D97-70B1-4A1C-BEBA-A2FA0921B5E1}.Debug.Build.0 = Debug|Win32
		{E76E3D97-70B1-4A1C-BEBA-A2FA0921B5E1}.Release.ActiveCfg = Release|Win32
		{E76E3D97-70B1-4A1C-BEBA-A2FA0921B5E1}.Release.Build.0 = Release|Win32
		{8AE5BA9C-9DE7-4BDD-8039-060E4FF01FBB}.Debug.ActiveCfg = Debug|Win32
		{8AE5BA9C-9DE7-4BDD-8039-060E4FF01FBB}.Debug.Build.0 = Debug|Win32
		{8AE5BA9C-9DE7-4BDD-8039-060E4FF01FBB}.Release.ActiveCfg = Release|Win32
		{8AE5BA9C-9DE7-4BDD-8039-060E4FF01FBB}.Release.Build.0 = Release|Win32
		{F363665C-EC81-45F0-A9BC-5B5B55447623}.Debug.ActiveCfg = Debug|Win32
		{F363665C-EC81-45F0-A9BC-5B5B55447623}.Debug.Build.0 = Debug|Win32
		{F363665C-EC81-45F0-A9BC-5B5B55447623}.Release.ActiveCfg = Release|Win32
		{F363665C-EC81-45F0-A9BC-5B5B55447623}.Release.Build.0 = Release|Win32
		{FAC9DFA2-1861-4AAE-9446-C5D99DB7052F}.Debug.ActiveCfg = Debug|Win32
		{FAC9DFA2-1861-4AAE-9446-C5D99DB7052F}.Debug.Build.0 = Debug|Win32
		{FAC9DFA2-1861-4AAE-9446-C5D99DB7052F}.Release.ActiveCfg = Release|Win32
		{FAC9DFA2-1861-4AAE-9446-C5D99DB7052F}.Release.Build.0 = Release|Win32
		{CD8BF6B5-E241-45BC-BFF2-9609E9B74D5D}.Debug.ActiveCfg = Debug|Win32
		{CD8BF6B5-E241-45BC-BFF2-9609E9B74D5D}.Debug.Build.0 = Debug|Win32
		{CD8BF6B5-E241-45BC-BFF2-9609E9B74D5D}.Release.ActiveCfg = Release|Win32
		{CD8BF6B5-E241-45BC-BFF2-9609E9B74D5D}.Release.Build.0 = Release|Win32
		{C0458694-CA0C-4355-B7EB-0B6EE60C5E27}.Debug.ActiveCfg = Debug|Win32
		{C0458694-CA0C-4355-B7EB-0B6EE60C5E27}.Debug.Build.0 = Debug|Win32
		{C0458694-CA0C-4355-B7EB-0B6EE60C5E27}.Release.ActiveCfg = Release|Win32
		{C0458694-CA0C-4355-B7EB-0B6EE60C5E27}.Release.Build.0 = Release|Win32
		{F3C17DA8-D4D3-488B-8FB6-A37B067F2434}.Debug.ActiveCfg = Debug|Win32
		{F3C17DA8-D4D3-488B-8FB6-A37B067F2434}.Debug.Build.0 = Debug|Win32
		{F3C17DA8-D4D3-488B-8FB6-A37B067F2434}.Release.ActiveCfg = Release|Win32
		{F3C17DA8-D4D3-488B-8FB6-A37B067F2434}.Release.Build.0 = Release|Win32
		{A4B901D6-9F34-492C-AA17-15CEE1A5741B}.Debug.ActiveCfg = Debug|Win32
		{A4B901D6-9F34-492C-AA17-15CEE1A5741B}.Debug.Build.0 = Debug|Win32
		{A4B901D6-9F34-492C-AA17-15CEE1A5741B}.Release.ActiveCfg = Release|Win32
		{A4B901D6-9F34-492C-AA17-15CEE1A5741B}.Release.Build.0 = Release|Win32
		{8A6EDAB9-D240-493D-AFB7-B4033004AFB6}.Debug.ActiveCfg = Debug|Win32
		{8A6EDAB9-D240-493D-AFB7-B4033004AFB6}.Debug.Build.0 = Debug|Win32
		{8A6EDAB9-D240-493D-AFB7-B4033004AFB6}.Release.ActiveCfg = Release|Win32
		{8A6EDAB9-D240-493D-AFB7-B4033004AFB6}.Release.Build.0 = Release|Win32
		{5D67AA1C-4915-4378-B474-AB7709EA8169}.Debug.ActiveCfg = Debug|Win32
		{5D67AA1C-4915-4378-B474-AB7709EA8169}.Debug.Build.0 = Debug|Win32
		{5D67AA1C-4915-4378-B474-AB7709EA8169}.Release.ActiveCfg = Release|Win32
		{5D67AA1C-4915-4378-B474-AB7709EA8169}.Release.Build.0 = Release|Win32
		{F7B3F2FD-F99E-47E6-945D-57AB2487FF3B}.Debug.ActiveCfg = Debug|Win32
		{F7B3F2FD-F99E-47E6-945D-57AB2487FF3B}.Debug.Build.0 = Debug|Win32
		{F7B3F2FD-F99E-47E6-945D-57AB2487FF3B}.Release.ActiveCfg = Release|Win32
		{F7B3F2FD-F99E-47E6-945D-57AB2487FF3B}.Release.Build.0 = Release|Win32
		{24F647A6-4FE5-4C85-B475-5AC5C2FFD9CA}.Debug.ActiveCfg = Debug|Win32
		{24F647A6-4FE5-4C85-B475-5AC5C2FFD9CA}.Debug.Build.0 = Debug|Win32
		{24F647A6-4FE5-4C85-B475-5AC5C2FFD9CA}.Release.ActiveCfg = Release|Win32
		{24F647A6-4FE5-4C85-B475-5AC5C2FFD9CA}.Release.Build.0 = Release|Win32
		{61A84BEA-404A-4984-A0B5-D96AA70D1D39}.Debug.ActiveCfg = Debug|Win32
		{61A84BEA-404A-4984-A0B5-D96AA70D1D39}.Debug.Build.0 = Debug|Win32
		{61A84BEA-404A-4984-A0B5-D96AA70D1D39}.Release.ActiveCfg = Release|Win32
		{61A84BEA-404A-4984-A0B5-D96AA70D1D39}.Release.Build.0 = Release|Win32
		{98F7D975-B5CD-4C9E-BA13-B44C16691AA6}.Debug.ActiveCfg = Debug|Win32
		{98F7D975-B5CD-4C9E-BA13-B44C16691AA6}.Debug.Build.0 = Debug|Win32
		{98F7D975-B5CD-4C9E-BA13-B44C16691AA6}.Release.ActiveCfg = Release|Win32
		{98F7D975-B5CD-4C9E-BA13-B44C16691AA6}.Release.Build.0 = Release|Win32
		{E8DB8168-8BBD-4574-8F91-26CBE037EE13}.Debug.ActiveCfg = Debug|Win32
		{E8DB8168-8BBD-4574-8F91-26CBE037EE13}.Debug.Build.0 = Debug|Win32
		{E8DB8168-8BBD-4574-8F91-26CBE037EE13}.Release.ActiveCfg = Release|Win32
		{E8DB8168-8BBD-4574-8F91-26CBE037EE13}.Release.Build.0 = Release|Win32
		{5DCD89E0-3EF5-4826-BC96-8D4CC9A1EEEF}.Debug.ActiveCfg = Debug|Win32
		{5DCD89E0-3EF5-4826-BC96-8D4CC9A1EEEF}.Debug.Build.0 = Debug|Win32
		{5DCD89E0-3EF5-4826-BC96-8D4CC9A1EEEF}.Release.ActiveCfg = Release|Win32
		{5DCD89E0-3EF5-4826-BC96-8D4CC9A1EEEF}.Release.Build.0 = Release|Win32
		{32E13BA4-7B76-4E1E-A0E4-CB3BF75B0128}.Debug.ActiveCfg = Debug|Win32
		{32E13BA4-7B76-4E1E-A0E4-CB3BF75B0128}.Debug.Build.0 = Debug|Win32
		{32E13BA4-7B76-4E1E-A0E4-CB3BF75B0128}.Release.ActiveCfg = Release|Win32
		{32E13BA4-7B76-4E1E-A0E4-CB3BF75B0128}.Release.Build.0 = Release|Win32
		{52AD02CC-AB1D-404F-B04E-4A5F855D3E06}.Debug.ActiveCfg = Debug|Win32
		{52AD02CC-AB1D-404F-B04E-4A5F855D3E06}.Debug.Build.0 = Debug|Win32
		{52AD02CC-AB1D-404F-B04E-4A5F855D3E06}.Release.ActiveCfg = Release|Win32
		{52AD02CC-AB1D-404F-B04E-4A5F855D3E06}.Release.Build.0 = Release|Win32
		{368CA003-8258-4F44-9EF5-0F87CAA614CC}.Debug.ActiveCfg = Debug|Win32
		{368CA003-8258-4F44-9EF5-0F87CAA614CC}.Debug.Build.0 = Debug|Win32
		{368CA003-8258-4F44-9EF5-0F87CAA614CC}.Release.ActiveCfg = Release|Win32
		{368CA003-8258-4F44-9EF5-0F87CAA614CC}.Release.Build.0 = Release|Win32
		{28EF2510-4FEC-45F6-8C08-FA0157378B13}.Debug.ActiveCfg = Debug|Win32
		{28EF2510-4FEC-45F6-8C08-FA0157378B13}.Debug.Build.0 = Debug|Win32
		{28EF2510-4FEC-45F6-8C08-FA0157378B13}.Release.ActiveCfg = Release|Win32
		{28EF2510-4FEC-45F6-8C08-FA0157378B13}.Release.Build.0 = Release|Win32
		{E49B27D3-56F6-4FC9-B9AA-E7769004C47C}.Debug.ActiveCfg = Debug|Win32
		{E49B27D3-56F6-4FC9-B9AA-E7769004C47C}.Debug.Build.0 = Debug|Win32
		{E49B27D3-56F6-4FC9-B9AA-E7769004C47C}.Release.ActiveCfg = Release|Win32
		{E49B27D3-56F6-4FC9-B9AA-E7769004C47C}.Release.Build.0 = Release|Win32
		{5E6389BF-079D-4F58-B997-0155A98508E3}.Debug.ActiveCfg = Debug|Win32
		{5E6389BF-079D-4F58-B997-0155A98508E3}.Debug.Build.0 = Debug|Win32
		{5E6389BF-079D-4F58-B997-0155A98508E3}.Release.ActiveCfg = Release|Win32
		{5E6389BF-079D-4F58-B997-0155A98508E3}.Release.Build.0 = Release|Win32
		{4ED41B8A-1E9E-4DCC-B296-3139F362958C}.Debug.ActiveCfg = Debug|Win32
		{4ED41B8A-1E9E-4DCC-B296-3139F362958C}.Debug.Build.0 = Debug|Win32
		{4ED41B8A-1E9E-4DCC-B296-3139F362958C}.Release.ActiveCfg = Release|Win32
		{4ED41B8A-1E9E-4DCC-B296-3139F362958C}.Release.Build.0 = Release|Win32
		{531EEAAA-6288-4A81-8771-CA82E7CD44F1}.Debug.ActiveCfg = Debug|Win32
		{531EEAAA-6288-4A81-8771-CA82E7CD44F1}.Debug.Build.0 = Debug|Win32
		{531EEAAA-6288-4A81-8771-CA82E7CD44F1}.Release.ActiveCfg = Release|Win32
		{531EEAAA-6288-4A81-8771-CA82E7CD44F1}.Release.Build.0 = Release|Win32
		{4C6CC9C3-7BCF-4C3A-8DD4-985EB4B71E6C}.Debug.ActiveCfg = Debug|Win32
		{4C6CC9C3-7BCF-4C3A-8DD4-985EB4B71E6C}.Debug.Build.0 = Debug|Win32
		{4C6CC9C3-7BCF-4C3A-8DD4-985EB4B71E6C}.Release.ActiveCfg = Release|Win32
		{4C6CC9C3-7BCF-4C3A-8DD4-985EB4B71E6C}.Release.Build.0 = Release|Win32
		{F2D58355-1F1F-41B6-B6EF-FCA03239BA39}.Debug.ActiveCfg = Debug|Win32
		{F2D58355-1F1F-41B6-B6EF-FCA03239BA39}.Debug.Build.0 = Debug|Win32
		{F2D58355-1F1F-41B6-B6EF-FCA03239BA39}.Release.ActiveCfg = Release|Win32
		{F2D58355-1F1F-41B6-B6EF-FCA03239BA39}.Release.Build.0 = Release|Win32
		{6C8A7336-8164-49BA-9151-D68A3F1D7DB7}.Debug.ActiveCfg = Debug|Win32
		{6C8A7336-8164-49BA-9151-D68A3F1D7DB7}.Debug.Build.0 = Debug|Win32
		{6C8A7336-8164-49BA-9151-D68A3F1D7DB7}.Release.ActiveCfg = Release|Win32
		{6C8A7336-8164-49BA-9151-D68A3F1D7DB7}.Release.Build.0 = Release|Win32
		{513302D0-5DB3-4057-9337-E0AB7CC81E19}.Debug.ActiveCfg = Debug|Win32
		{513302D0-5DB3-4057-9337-E0AB7CC81E19}.Debug.Build.0 = Debug|Win32
		{513302D0-5DB3-4057-9337-E0AB7CC81E19}.Release.ActiveCfg = Release|Win32
		{513302D0-5DB3-4057-9337-E0AB7CC81E19}.Release.Build.0 = Release|Win32
		{B4EC1E3F-C6C4-4925-AF19-27A9F8ABDCE8}.Debug.ActiveCfg = Debug|Win32
		{B4EC1E3F-C6C4-4925-AF19-27A9F8ABDCE8}.Debug.Build.0 = Debug|Win32
		{B4EC1E3F-C6C4-4925-AF19-27A9F8ABDCE8}.Release.ActiveCfg = Release|Win32
		{B4EC1E3F-C6C4-4925-AF19-27A9F8ABDCE8}.Release.Build.0 = Release|Win32
		{220AFD26-72C2-486A-B81A-28BC80700AB9}.Debug.ActiveCfg = Debug|Win32
		{220AFD26-72C2-486A-B81A-28BC80700AB9}.Debug.Build.0 = Debug|Win32
		{220AFD26-72C2-486A-B81A-28BC80700AB9}.Release.ActiveCfg = Release|Win32
		{220AFD26-72C2-486A-B81A-28BC80700AB9}.Release.Build.0 = Release|Win32
		{FAD5A97D-A515-47AA-B2FA-6E18DABF5623}.Debug.ActiveCfg = Debug|Win32
		{FAD5A97D-A515-47AA-B2FA-6E18DABF5623}.Debug.Build.0 = Debug|Win32
		{FAD5A97D-A515-47AA-B2FA-6E18DABF5623}.Release.ActiveCfg = Release|Win32
		{FAD5A97D-A515-47AA-B2FA-6E18DABF5623}.Release.Build.0 = Release|Win32
		{35935B15-08CA-4310-A577-A4A07A820EF0}.Debug.ActiveCfg = Debug|Win32
		{35935B15-08CA-4310-A577-A4A07A820EF0}.Debug.Build.0 = Debug|Win32
		{35935B15-08CA-4310-A577-A4A07A820EF0}.Release.ActiveCfg = Release|Win32
		{35935B15-08CA-4310-A577-A4A07A820EF0}.Release.Build.0 = Release|Win32
		{01E0049C-B296-4F19-B6DF-758992D16A1E}.Debug.ActiveCfg = Debug|Win32
		{01E0049C-B296-4F19-B6DF-758992D16A1E}.Debug.Build.0 = Debug|Win32
		{01E0049C-B296-4F19-B6DF-758992D16A1E}.Release.ActiveCfg = Release|Win32
		{01E0049C-B296-4F19-B6DF-758992D16A1E}.Release.Build.0 = Release|Win32
		{1A2620D8-6A8D-48E6-84B4-3995AD59A93C}.Debug.ActiveCfg = Debug|Win32
		{1A2620D8-6A8D-48E6-84B4-3995AD59A93C}.Debug.Build.0 = Debug|Win32
		{1A2620D8-6A8D-48E6-84B4-3995AD59A93C}.Release.ActiveCfg = Release|Win32
		{1A2620D8-6A8D-48E6-84B4-3995AD59A93C}.Release.Build.0 = Release|Win32
		{20C0E35C-B23B-40E9-BDDF-339AF896172E}.Debug.ActiveCfg = Debug|Win32
		{20C0E35C-B23B-40E9-BDDF-339AF896172E}.Debug.Build.0 = Debug|Win32
		{20C0E35C-B23B-40E9-BDDF-339AF896172E}.Release.ActiveCfg = Release|Win32
		{20C0E35C-B23B-40E9-BDDF-339AF896172E}.Release.Build.0 = Release|Win32
		{B574E481-4388-4EC5-ABB6-A3D9AFC082A2}.Debug.ActiveCfg = Debug|Win32
		{B574E481-4388-4EC5-ABB6-A3D9AFC082A2}.Debug.Build.0 = Debug|Win32
		{B574E481-4388-4EC5-ABB6-A3D9AFC082A2}.Release.ActiveCfg = Release|Win32
		{B574E481-4388-4EC5-ABB6-A3D9AFC082A2}.Release.Build.0 = Release|Win32
		{2C938351-D5EF-4EEE-AB85-FBDF25CAAD37}.Debug.ActiveCfg = Debug|Win32
		{2C938351-D5EF-4EEE-AB85-FBDF25CAAD37}.Debug.Build.0 = Debug|Win32
		{2C938351-D5EF-4EEE-AB85-FBDF25CAAD37}.Release.ActiveCfg = Release|Win32
		{2C938351-D5EF-4EEE-AB85-FBDF25CAAD37}.Release.Build.0 = Release|Win32
		{F704F1AE-A494-404B-A6B7-590658159759}.Debug.ActiveCfg = Debug|Win32
		{F704F1AE-A494-404B-A6B7-590658159759}.Debug.Build.0 = Debug|Win32
		{F704F1AE-A494-404B-A6B7-590658159759}.Release.ActiveCfg = Release|Win32
		{F704F1AE-A494-404B-A6B7-590658159759}.Release.Build.0 = Release|Win32
		{6E6B299C-D31C-4892-8B6E-25F4C9D96F0E}.Debug.ActiveCfg = Debug|Win32
		{6E6B299C-D31C-4892-8B6E-25F4C9D96F0E}.Debug.Build.0 = Debug|Win32
		{6E6B299C-D31C-4892-8B6E-25F4C9D96F0E}.Release.ActiveCfg = Release|Win32
		{6E6B299C-D31C-4892-8B6E-25F4C9D96F0E}.Release.Build.0 = Release|Win32
		{5F8943E0-91F2-4B03-ADC8-55B28DF2A9EB}.Debug.ActiveCfg = Debug|Win32
		{5F8943E0-91F2-4B03-ADC8-55B28DF2A9EB}.Debug.Build.0 = Debug|Win32
		{5F8943E0-91F2-4B03-ADC8-55B28DF2A9EB}.Release.ActiveCfg = Release|Win32
		{5F8943E0-91F2-4B03-ADC8-55B28DF2A9EB}.Release.Build.0 = Release|Win32
		{3CD13B02-21C3-4B42-94A7-CDC0E4411F13}.Debug.ActiveCfg = Debug|Win32
		{3CD13B02-21C3-4B42-94A7-CDC0E4411F13}.Debug.Build.0 = Debug|Win32
		{3CD13B02-21C3-4B42-94A7-CDC0E4411F13}.Release.ActiveCfg = Release|Win32
		{3CD13B02-21C3-4B42-94A7-CDC0E4411F13}.Release.Build.0 = Release|Win32
		{06CE0A25-38A4-4594-9E6A-29C2D5A4005D}.Debug.ActiveCfg = Debug|Win32
		{06CE0A25-38A4-4594-9E6A-29C2D5A4005D}.Debug.Build.0 = Debug|Win32
		{06CE0A25-38A4-4594-9E6A-29C2D5A4005D}.Release.ActiveCfg = Release|Win32
		{06CE0A25-38A4-4594-9E6A-29C2D5A4005D}.Release.Build.0 = Release|Win32
		{6C1B84B7-BBE4-4418-B801-029AB0A38014}.Debug.ActiveCfg = Debug|Win32
		{6C1B84B7-BBE4-4418-B801-029AB0A38014}.Debug.Build.0 = Debug|Win32
		{6C1B84B7-BBE4-4418-B801-029AB0A38014}.Release.ActiveCfg = Release|Win32
		{6C1B84B7-BBE4-4418-B801-029AB0A38014}.Release.Build.0 = Release|Win32
	EndGlobalSection
	GlobalSection(ExtensibilityGlobals) = postSolution
	EndGlobalSection
	GlobalSection(ExtensibilityAddIns) = postSolution
	EndGlobalSection
EndGlobal
